
Microsoft Visual Studio Solution File, Format Version 12.00
# Visual Studio Version 16
VisualStudioVersion = 16.0.29709.97
MinimumVisualStudioVersion = 10.0.40219.1
Project("{FAE04EC0-301F-11D3-BF4B-00C04F79EFBC}") = "Examen_JS_UI", "Examen_JS_UI\Examen_JS_UI.csproj", "{7AE958F9-BD77-4C5B-BAB3-22ADC854EB18}"
EndProject
Project("{FAE04EC0-301F-11D3-BF4B-00C04F79EFBC}") = "Examen_JS_DAL", "Examen_JS_DAL\Examen_JS_DAL.csproj", "{6E57B4DA-5CAA-4594-A3AD-A861D0E93032}"
EndProject
Project("{FAE04EC0-301F-11D3-BF4B-00C04F79EFBC}") = "Examen_JS_BL", "Examen_JS_BL\Examen_JS_BL.csproj", "{AFB34C56-940C-4496-8EB3-520DD3574C91}"
EndProject
Project("{FAE04EC0-301F-11D3-BF4B-00C04F79EFBC}") = "Examen_JS_Entities", "Examen_JS_Entities\Examen_JS_Entities.csproj", "{C40C2335-9615-45B6-BE55-16CE5E907DED}"
EndProject
Global
	GlobalSection(SolutionConfigurationPlatforms) = preSolution
		Debug|Any CPU = Debug|Any CPU
		Release|Any CPU = Release|Any CPU
	EndGlobalSection
	GlobalSection(ProjectConfigurationPlatforms) = postSolution
		{7AE958F9-BD77-4C5B-BAB3-22ADC854EB18}.Debug|Any CPU.ActiveCfg = Debug|Any CPU
		{7AE958F9-BD77-4C5B-BAB3-22ADC854EB18}.Debug|Any CPU.Build.0 = Debug|Any CPU
		{7AE958F9-BD77-4C5B-BAB3-22ADC854EB18}.Release|Any CPU.ActiveCfg = Release|Any CPU
		{7AE958F9-BD77-4C5B-BAB3-22ADC854EB18}.Release|Any CPU.Build.0 = Release|Any CPU
		{6E57B4DA-5CAA-4594-A3AD-A861D0E93032}.Debug|Any CPU.ActiveCfg = Debug|Any CPU
		{6E57B4DA-5CAA-4594-A3AD-A861D0E93032}.Debug|Any CPU.Build.0 = Debug|Any CPU
		{6E57B4DA-5CAA-4594-A3AD-A861D0E93032}.Release|Any CPU.ActiveCfg = Release|Any CPU
		{6E57B4DA-5CAA-4594-A3AD-A861D0E93032}.Release|Any CPU.Build.0 = Release|Any CPU
		{AFB34C56-940C-4496-8EB3-520DD3574C91}.Debug|Any CPU.ActiveCfg = Debug|Any CPU
		{AFB34C56-940C-4496-8EB3-520DD3574C91}.Debug|Any CPU.Build.0 = Debug|Any CPU
		{AFB34C56-940C-4496-8EB3-520DD3574C91}.Release|Any CPU.ActiveCfg = Release|Any CPU
		{AFB34C56-940C-4496-8EB3-520DD3574C91}.Release|Any CPU.Build.0 = Release|Any CPU
		{C40C2335-9615-45B6-BE55-16CE5E907DED}.Debug|Any CPU.ActiveCfg = Debug|Any CPU
		{C40C2335-9615-45B6-BE55-16CE5E907DED}.Debug|Any CPU.Build.0 = Debug|Any CPU
		{C40C2335-9615-45B6-BE55-16CE5E907DED}.Release|Any CPU.ActiveCfg = Release|Any CPU
		{C40C2335-9615-45B6-BE55-16CE5E907DED}.Release|Any CPU.Build.0 = Release|Any CPU
	EndGlobalSection
	GlobalSection(SolutionProperties) = preSolution
		HideSolutionNode = FALSE
	EndGlobalSection
	GlobalSection(ExtensibilityGlobals) = postSolution
		SolutionGuid = {01C936A7-EE1A-4121-B46F-CF5D3F86B302}
	EndGlobalSection
EndGlobal
