
Microsoft Visual Studio Solution File, Format Version 12.00
# Visual Studio Version 16
VisualStudioVersion = 16.0.29709.97
MinimumVisualStudioVersion = 10.0.40219.1
Project("{FAE04EC0-301F-11D3-BF4B-00C04F79EFBC}") = "RepasoApi_BL", "RepasoApi_BL\RepasoApi_BL.csproj", "{165B301C-A677-40DD-B02F-855E462D4B7F}"
EndProject
Project("{FAE04EC0-301F-11D3-BF4B-00C04F79EFBC}") = "RepasoApi_Entities", "RepasoApi_Entities\RepasoApi_Entities.csproj", "{0066EE6E-04A3-4BC0-A056-216CADC92AFF}"
EndProject
Project("{FAE04EC0-301F-11D3-BF4B-00C04F79EFBC}") = "RepasoApi_DAL", "RepasoApi_DAL\RepasoApi_DAL.csproj", "{642D6B0E-4B3E-4FE6-8E1B-33DE52001345}"
EndProject
Project("{FAE04EC0-301F-11D3-BF4B-00C04F79EFBC}") = "RepasoApi_UI", "RepasoApi_UI\RepasoApi_UI.csproj", "{F440A788-B34C-4FDB-BF92-ADACE6CF75AD}"
EndProject
Global
	GlobalSection(SolutionConfigurationPlatforms) = preSolution
		Debug|Any CPU = Debug|Any CPU
		Release|Any CPU = Release|Any CPU
	EndGlobalSection
	GlobalSection(ProjectConfigurationPlatforms) = postSolution
		{165B301C-A677-40DD-B02F-855E462D4B7F}.Debug|Any CPU.ActiveCfg = Debug|Any CPU
		{165B301C-A677-40DD-B02F-855E462D4B7F}.Debug|Any CPU.Build.0 = Debug|Any CPU
		{165B301C-A677-40DD-B02F-855E462D4B7F}.Release|Any CPU.ActiveCfg = Release|Any CPU
		{165B301C-A677-40DD-B02F-855E462D4B7F}.Release|Any CPU.Build.0 = Release|Any CPU
		{0066EE6E-04A3-4BC0-A056-216CADC92AFF}.Debug|Any CPU.ActiveCfg = Debug|Any CPU
		{0066EE6E-04A3-4BC0-A056-216CADC92AFF}.Debug|Any CPU.Build.0 = Debug|Any CPU
		{0066EE6E-04A3-4BC0-A056-216CADC92AFF}.Release|Any CPU.ActiveCfg = Release|Any CPU
		{0066EE6E-04A3-4BC0-A056-216CADC92AFF}.Release|Any CPU.Build.0 = Release|Any CPU
		{642D6B0E-4B3E-4FE6-8E1B-33DE52001345}.Debug|Any CPU.ActiveCfg = Debug|Any CPU
		{642D6B0E-4B3E-4FE6-8E1B-33DE52001345}.Debug|Any CPU.Build.0 = Debug|Any CPU
		{642D6B0E-4B3E-4FE6-8E1B-33DE52001345}.Release|Any CPU.ActiveCfg = Release|Any CPU
		{642D6B0E-4B3E-4FE6-8E1B-33DE52001345}.Release|Any CPU.Build.0 = Release|Any CPU
		{F440A788-B34C-4FDB-BF92-ADACE6CF75AD}.Debug|Any CPU.ActiveCfg = Debug|Any CPU
		{F440A788-B34C-4FDB-BF92-ADACE6CF75AD}.Debug|Any CPU.Build.0 = Debug|Any CPU
		{F440A788-B34C-4FDB-BF92-ADACE6CF75AD}.Release|Any CPU.ActiveCfg = Release|Any CPU
		{F440A788-B34C-4FDB-BF92-ADACE6CF75AD}.Release|Any CPU.Build.0 = Release|Any CPU
	EndGlobalSection
	GlobalSection(SolutionProperties) = preSolution
		HideSolutionNode = FALSE
	EndGlobalSection
	GlobalSection(ExtensibilityGlobals) = postSolution
		SolutionGuid = {BD91A6BE-AEA5-49B0-95F4-8666BC6EED61}
	EndGlobalSection
EndGlobal
