
Microsoft Visual Studio Solution File, Format Version 12.00
# Visual Studio Version 16
VisualStudioVersion = 16.0.29709.97
MinimumVisualStudioVersion = 10.0.40219.1
Project("{FAE04EC0-301F-11D3-BF4B-00C04F79EFBC}") = "Examen_DI_UI", "Examen_DI_UI\Examen_DI_UI.csproj", "{811D5AD3-2252-452B-8A8E-BE6E903DCA67}"
EndProject
Project("{FAE04EC0-301F-11D3-BF4B-00C04F79EFBC}") = "Examen_DI_DAL", "Examen_DI_DAL\Examen_DI_DAL.csproj", "{58C1F2D3-48BA-4A2C-A28C-1BBB9CB6BC0F}"
EndProject
Project("{FAE04EC0-301F-11D3-BF4B-00C04F79EFBC}") = "Examen_DI_BL", "Examen_DI_BL\Examen_DI_BL.csproj", "{0FFA76AD-8356-49C1-9A24-4098028A4678}"
EndProject
Project("{FAE04EC0-301F-11D3-BF4B-00C04F79EFBC}") = "Examen_DI_Entities", "Examen_DI_Entities\Examen_DI_Entities.csproj", "{5039FB32-12EF-47C8-9FCC-E82761716BDF}"
EndProject
Global
	GlobalSection(SolutionConfigurationPlatforms) = preSolution
		Debug|Any CPU = Debug|Any CPU
		Debug|ARM = Debug|ARM
		Debug|ARM64 = Debug|ARM64
		Debug|x64 = Debug|x64
		Debug|x86 = Debug|x86
		Release|Any CPU = Release|Any CPU
		Release|ARM = Release|ARM
		Release|ARM64 = Release|ARM64
		Release|x64 = Release|x64
		Release|x86 = Release|x86
	EndGlobalSection
	GlobalSection(ProjectConfigurationPlatforms) = postSolution
		{811D5AD3-2252-452B-8A8E-BE6E903DCA67}.Debug|Any CPU.ActiveCfg = Debug|x86
		{811D5AD3-2252-452B-8A8E-BE6E903DCA67}.Debug|ARM.ActiveCfg = Debug|ARM
		{811D5AD3-2252-452B-8A8E-BE6E903DCA67}.Debug|ARM.Build.0 = Debug|ARM
		{811D5AD3-2252-452B-8A8E-BE6E903DCA67}.Debug|ARM.Deploy.0 = Debug|ARM
		{811D5AD3-2252-452B-8A8E-BE6E903DCA67}.Debug|ARM64.ActiveCfg = Debug|ARM64
		{811D5AD3-2252-452B-8A8E-BE6E903DCA67}.Debug|ARM64.Build.0 = Debug|ARM64
		{811D5AD3-2252-452B-8A8E-BE6E903DCA67}.Debug|ARM64.Deploy.0 = Debug|ARM64
		{811D5AD3-2252-452B-8A8E-BE6E903DCA67}.Debug|x64.ActiveCfg = Debug|x64
		{811D5AD3-2252-452B-8A8E-BE6E903DCA67}.Debug|x64.Build.0 = Debug|x64
		{811D5AD3-2252-452B-8A8E-BE6E903DCA67}.Debug|x64.Deploy.0 = Debug|x64
		{811D5AD3-2252-452B-8A8E-BE6E903DCA67}.Debug|x86.ActiveCfg = Debug|x86
		{811D5AD3-2252-452B-8A8E-BE6E903DCA67}.Debug|x86.Build.0 = Debug|x86
		{811D5AD3-2252-452B-8A8E-BE6E903DCA67}.Debug|x86.Deploy.0 = Debug|x86
		{811D5AD3-2252-452B-8A8E-BE6E903DCA67}.Release|Any CPU.ActiveCfg = Release|x86
		{811D5AD3-2252-452B-8A8E-BE6E903DCA67}.Release|ARM.ActiveCfg = Release|ARM
		{811D5AD3-2252-452B-8A8E-BE6E903DCA67}.Release|ARM.Build.0 = Release|ARM
		{811D5AD3-2252-452B-8A8E-BE6E903DCA67}.Release|ARM.Deploy.0 = Release|ARM
		{811D5AD3-2252-452B-8A8E-BE6E903DCA67}.Release|ARM64.ActiveCfg = Release|ARM64
		{811D5AD3-2252-452B-8A8E-BE6E903DCA67}.Release|ARM64.Build.0 = Release|ARM64
		{811D5AD3-2252-452B-8A8E-BE6E903DCA67}.Release|ARM64.Deploy.0 = Release|ARM64
		{811D5AD3-2252-452B-8A8E-BE6E903DCA67}.Release|x64.ActiveCfg = Release|x64
		{811D5AD3-2252-452B-8A8E-BE6E903DCA67}.Release|x64.Build.0 = Release|x64
		{811D5AD3-2252-452B-8A8E-BE6E903DCA67}.Release|x64.Deploy.0 = Release|x64
		{811D5AD3-2252-452B-8A8E-BE6E903DCA67}.Release|x86.ActiveCfg = Release|x86
		{811D5AD3-2252-452B-8A8E-BE6E903DCA67}.Release|x86.Build.0 = Release|x86
		{811D5AD3-2252-452B-8A8E-BE6E903DCA67}.Release|x86.Deploy.0 = Release|x86
		{58C1F2D3-48BA-4A2C-A28C-1BBB9CB6BC0F}.Debug|Any CPU.ActiveCfg = Debug|Any CPU
		{58C1F2D3-48BA-4A2C-A28C-1BBB9CB6BC0F}.Debug|Any CPU.Build.0 = Debug|Any CPU
		{58C1F2D3-48BA-4A2C-A28C-1BBB9CB6BC0F}.Debug|ARM.ActiveCfg = Debug|ARM
		{58C1F2D3-48BA-4A2C-A28C-1BBB9CB6BC0F}.Debug|ARM.Build.0 = Debug|ARM
		{58C1F2D3-48BA-4A2C-A28C-1BBB9CB6BC0F}.Debug|ARM64.ActiveCfg = Debug|ARM64
		{58C1F2D3-48BA-4A2C-A28C-1BBB9CB6BC0F}.Debug|ARM64.Build.0 = Debug|ARM64
		{58C1F2D3-48BA-4A2C-A28C-1BBB9CB6BC0F}.Debug|x64.ActiveCfg = Debug|x64
		{58C1F2D3-48BA-4A2C-A28C-1BBB9CB6BC0F}.Debug|x64.Build.0 = Debug|x64
		{58C1F2D3-48BA-4A2C-A28C-1BBB9CB6BC0F}.Debug|x86.ActiveCfg = Debug|x86
		{58C1F2D3-48BA-4A2C-A28C-1BBB9CB6BC0F}.Debug|x86.Build.0 = Debug|x86
		{58C1F2D3-48BA-4A2C-A28C-1BBB9CB6BC0F}.Release|Any CPU.ActiveCfg = Release|Any CPU
		{58C1F2D3-48BA-4A2C-A28C-1BBB9CB6BC0F}.Release|Any CPU.Build.0 = Release|Any CPU
		{58C1F2D3-48BA-4A2C-A28C-1BBB9CB6BC0F}.Release|ARM.ActiveCfg = Release|ARM
		{58C1F2D3-48BA-4A2C-A28C-1BBB9CB6BC0F}.Release|ARM.Build.0 = Release|ARM
		{58C1F2D3-48BA-4A2C-A28C-1BBB9CB6BC0F}.Release|ARM64.ActiveCfg = Release|ARM64
		{58C1F2D3-48BA-4A2C-A28C-1BBB9CB6BC0F}.Release|ARM64.Build.0 = Release|ARM64
		{58C1F2D3-48BA-4A2C-A28C-1BBB9CB6BC0F}.Release|x64.ActiveCfg = Release|x64
		{58C1F2D3-48BA-4A2C-A28C-1BBB9CB6BC0F}.Release|x64.Build.0 = Release|x64
		{58C1F2D3-48BA-4A2C-A28C-1BBB9CB6BC0F}.Release|x86.ActiveCfg = Release|x86
		{58C1F2D3-48BA-4A2C-A28C-1BBB9CB6BC0F}.Release|x86.Build.0 = Release|x86
		{0FFA76AD-8356-49C1-9A24-4098028A4678}.Debug|Any CPU.ActiveCfg = Debug|Any CPU
		{0FFA76AD-8356-49C1-9A24-4098028A4678}.Debug|Any CPU.Build.0 = Debug|Any CPU
		{0FFA76AD-8356-49C1-9A24-4098028A4678}.Debug|ARM.ActiveCfg = Debug|ARM
		{0FFA76AD-8356-49C1-9A24-4098028A4678}.Debug|ARM.Build.0 = Debug|ARM
		{0FFA76AD-8356-49C1-9A24-4098028A4678}.Debug|ARM64.ActiveCfg = Debug|ARM64
		{0FFA76AD-8356-49C1-9A24-4098028A4678}.Debug|ARM64.Build.0 = Debug|ARM64
		{0FFA76AD-8356-49C1-9A24-4098028A4678}.Debug|x64.ActiveCfg = Debug|x64
		{0FFA76AD-8356-49C1-9A24-4098028A4678}.Debug|x64.Build.0 = Debug|x64
		{0FFA76AD-8356-49C1-9A24-4098028A4678}.Debug|x86.ActiveCfg = Debug|x86
		{0FFA76AD-8356-49C1-9A24-4098028A4678}.Debug|x86.Build.0 = Debug|x86
		{0FFA76AD-8356-49C1-9A24-4098028A4678}.Release|Any CPU.ActiveCfg = Release|Any CPU
		{0FFA76AD-8356-49C1-9A24-4098028A4678}.Release|Any CPU.Build.0 = Release|Any CPU
		{0FFA76AD-8356-49C1-9A24-4098028A4678}.Release|ARM.ActiveCfg = Release|ARM
		{0FFA76AD-8356-49C1-9A24-4098028A4678}.Release|ARM.Build.0 = Release|ARM
		{0FFA76AD-8356-49C1-9A24-4098028A4678}.Release|ARM64.ActiveCfg = Release|ARM64
		{0FFA76AD-8356-49C1-9A24-4098028A4678}.Release|ARM64.Build.0 = Release|ARM64
		{0FFA76AD-8356-49C1-9A24-4098028A4678}.Release|x64.ActiveCfg = Release|x64
		{0FFA76AD-8356-49C1-9A24-4098028A4678}.Release|x64.Build.0 = Release|x64
		{0FFA76AD-8356-49C1-9A24-4098028A4678}.Release|x86.ActiveCfg = Release|x86
		{0FFA76AD-8356-49C1-9A24-4098028A4678}.Release|x86.Build.0 = Release|x86
		{5039FB32-12EF-47C8-9FCC-E82761716BDF}.Debug|Any CPU.ActiveCfg = Debug|Any CPU
		{5039FB32-12EF-47C8-9FCC-E82761716BDF}.Debug|Any CPU.Build.0 = Debug|Any CPU
		{5039FB32-12EF-47C8-9FCC-E82761716BDF}.Debug|ARM.ActiveCfg = Debug|ARM
		{5039FB32-12EF-47C8-9FCC-E82761716BDF}.Debug|ARM.Build.0 = Debug|ARM
		{5039FB32-12EF-47C8-9FCC-E82761716BDF}.Debug|ARM64.ActiveCfg = Debug|ARM64
		{5039FB32-12EF-47C8-9FCC-E82761716BDF}.Debug|ARM64.Build.0 = Debug|ARM64
		{5039FB32-12EF-47C8-9FCC-E82761716BDF}.Debug|x64.ActiveCfg = Debug|x64
		{5039FB32-12EF-47C8-9FCC-E82761716BDF}.Debug|x64.Build.0 = Debug|x64
		{5039FB32-12EF-47C8-9FCC-E82761716BDF}.Debug|x86.ActiveCfg = Debug|x86
		{5039FB32-12EF-47C8-9FCC-E82761716BDF}.Debug|x86.Build.0 = Debug|x86
		{5039FB32-12EF-47C8-9FCC-E82761716BDF}.Release|Any CPU.ActiveCfg = Release|Any CPU
		{5039FB32-12EF-47C8-9FCC-E82761716BDF}.Release|Any CPU.Build.0 = Release|Any CPU
		{5039FB32-12EF-47C8-9FCC-E82761716BDF}.Release|ARM.ActiveCfg = Release|ARM
		{5039FB32-12EF-47C8-9FCC-E82761716BDF}.Release|ARM.Build.0 = Release|ARM
		{5039FB32-12EF-47C8-9FCC-E82761716BDF}.Release|ARM64.ActiveCfg = Release|ARM64
		{5039FB32-12EF-47C8-9FCC-E82761716BDF}.Release|ARM64.Build.0 = Release|ARM64
		{5039FB32-12EF-47C8-9FCC-E82761716BDF}.Release|x64.ActiveCfg = Release|x64
		{5039FB32-12EF-47C8-9FCC-E82761716BDF}.Release|x64.Build.0 = Release|x64
		{5039FB32-12EF-47C8-9FCC-E82761716BDF}.Release|x86.ActiveCfg = Release|x86
		{5039FB32-12EF-47C8-9FCC-E82761716BDF}.Release|x86.Build.0 = Release|x86
	EndGlobalSection
	GlobalSection(SolutionProperties) = preSolution
		HideSolutionNode = FALSE
	EndGlobalSection
	GlobalSection(ExtensibilityGlobals) = postSolution
		SolutionGuid = {912AE6EB-DBD7-4533-AC7F-6E75C8C19D9A}
	EndGlobalSection
EndGlobal
