
Microsoft Visual Studio Solution File, Format Version 12.00
# Visual Studio Version 16
VisualStudioVersion = 16.0.29709.97
MinimumVisualStudioVersion = 10.0.40219.1
Project("{FAE04EC0-301F-11D3-BF4B-00C04F79EFBC}") = "CRUD_Xamarin.UWP", "CRUD_Xamarin\CRUD_Xamarin.UWP\CRUD_Xamarin.UWP.csproj", "{ED4A0EAA-36BD-45C3-AF83-02671B1D5CD1}"
EndProject
Project("{FAE04EC0-301F-11D3-BF4B-00C04F79EFBC}") = "CRUD_Xamarin.Android", "CRUD_Xamarin\CRUD_Xamarin.Android\CRUD_Xamarin.Android.csproj", "{A6359716-57D9-4B0C-B288-5A888E204A62}"
EndProject
Project("{9A19103F-16F7-4668-BE54-9A1E7A4F7556}") = "CRUD_Xamarin_UI", "CRUD_Xamarin\CRUD_Xamarin\CRUD_Xamarin_UI.csproj", "{EF163A0B-9498-4239-BD59-73556F3D419F}"
EndProject
Project("{FAE04EC0-301F-11D3-BF4B-00C04F79EFBC}") = "CRUD_Xamarin_DAL", "CRUD_Xamarin_DAL\CRUD_Xamarin_DAL.csproj", "{A52919EE-C0A0-4D33-A5DF-32CA64E4FBE8}"
EndProject
Project("{FAE04EC0-301F-11D3-BF4B-00C04F79EFBC}") = "CRUD_Xamarin_Entities", "CRUD_Xamarin_Entities\CRUD_Xamarin_Entities.csproj", "{C18FA25C-7513-42A3-9FE5-8ECA45293C6F}"
EndProject
Project("{FAE04EC0-301F-11D3-BF4B-00C04F79EFBC}") = "CRUD_Xamarin_BL", "CRUD_Xamarin_BL\CRUD_Xamarin_BL.csproj", "{4B84F969-4265-4E53-A0FB-88750250B786}"
EndProject
Global
	GlobalSection(SolutionConfigurationPlatforms) = preSolution
		Debug|Any CPU = Debug|Any CPU
		Debug|ARM = Debug|ARM
		Debug|x64 = Debug|x64
		Debug|x86 = Debug|x86
		Release|Any CPU = Release|Any CPU
		Release|ARM = Release|ARM
		Release|x64 = Release|x64
		Release|x86 = Release|x86
	EndGlobalSection
	GlobalSection(ProjectConfigurationPlatforms) = postSolution
		{ED4A0EAA-36BD-45C3-AF83-02671B1D5CD1}.Debug|Any CPU.ActiveCfg = Debug|x86
		{ED4A0EAA-36BD-45C3-AF83-02671B1D5CD1}.Debug|Any CPU.Build.0 = Debug|x86
		{ED4A0EAA-36BD-45C3-AF83-02671B1D5CD1}.Debug|Any CPU.Deploy.0 = Debug|x86
		{ED4A0EAA-36BD-45C3-AF83-02671B1D5CD1}.Debug|ARM.ActiveCfg = Debug|ARM
		{ED4A0EAA-36BD-45C3-AF83-02671B1D5CD1}.Debug|ARM.Build.0 = Debug|ARM
		{ED4A0EAA-36BD-45C3-AF83-02671B1D5CD1}.Debug|ARM.Deploy.0 = Debug|ARM
		{ED4A0EAA-36BD-45C3-AF83-02671B1D5CD1}.Debug|x64.ActiveCfg = Debug|x64
		{ED4A0EAA-36BD-45C3-AF83-02671B1D5CD1}.Debug|x64.Build.0 = Debug|x64
		{ED4A0EAA-36BD-45C3-AF83-02671B1D5CD1}.Debug|x64.Deploy.0 = Debug|x64
		{ED4A0EAA-36BD-45C3-AF83-02671B1D5CD1}.Debug|x86.ActiveCfg = Debug|x86
		{ED4A0EAA-36BD-45C3-AF83-02671B1D5CD1}.Debug|x86.Build.0 = Debug|x86
		{ED4A0EAA-36BD-45C3-AF83-02671B1D5CD1}.Debug|x86.Deploy.0 = Debug|x86
		{ED4A0EAA-36BD-45C3-AF83-02671B1D5CD1}.Release|Any CPU.ActiveCfg = Release|x86
		{ED4A0EAA-36BD-45C3-AF83-02671B1D5CD1}.Release|Any CPU.Build.0 = Release|x86
		{ED4A0EAA-36BD-45C3-AF83-02671B1D5CD1}.Release|Any CPU.Deploy.0 = Release|x86
		{ED4A0EAA-36BD-45C3-AF83-02671B1D5CD1}.Release|ARM.ActiveCfg = Release|ARM
		{ED4A0EAA-36BD-45C3-AF83-02671B1D5CD1}.Release|ARM.Build.0 = Release|ARM
		{ED4A0EAA-36BD-45C3-AF83-02671B1D5CD1}.Release|ARM.Deploy.0 = Release|ARM
		{ED4A0EAA-36BD-45C3-AF83-02671B1D5CD1}.Release|x64.ActiveCfg = Release|x64
		{ED4A0EAA-36BD-45C3-AF83-02671B1D5CD1}.Release|x64.Build.0 = Release|x64
		{ED4A0EAA-36BD-45C3-AF83-02671B1D5CD1}.Release|x64.Deploy.0 = Release|x64
		{ED4A0EAA-36BD-45C3-AF83-02671B1D5CD1}.Release|x86.ActiveCfg = Release|x86
		{ED4A0EAA-36BD-45C3-AF83-02671B1D5CD1}.Release|x86.Build.0 = Release|x86
		{ED4A0EAA-36BD-45C3-AF83-02671B1D5CD1}.Release|x86.Deploy.0 = Release|x86
		{A6359716-57D9-4B0C-B288-5A888E204A62}.Debug|Any CPU.ActiveCfg = Debug|Any CPU
		{A6359716-57D9-4B0C-B288-5A888E204A62}.Debug|Any CPU.Build.0 = Debug|Any CPU
		{A6359716-57D9-4B0C-B288-5A888E204A62}.Debug|Any CPU.Deploy.0 = Debug|Any CPU
		{A6359716-57D9-4B0C-B288-5A888E204A62}.Debug|ARM.ActiveCfg = Debug|Any CPU
		{A6359716-57D9-4B0C-B288-5A888E204A62}.Debug|ARM.Build.0 = Debug|Any CPU
		{A6359716-57D9-4B0C-B288-5A888E204A62}.Debug|ARM.Deploy.0 = Debug|Any CPU
		{A6359716-57D9-4B0C-B288-5A888E204A62}.Debug|x64.ActiveCfg = Debug|Any CPU
		{A6359716-57D9-4B0C-B288-5A888E204A62}.Debug|x64.Build.0 = Debug|Any CPU
		{A6359716-57D9-4B0C-B288-5A888E204A62}.Debug|x64.Deploy.0 = Debug|Any CPU
		{A6359716-57D9-4B0C-B288-5A888E204A62}.Debug|x86.ActiveCfg = Debug|Any CPU
		{A6359716-57D9-4B0C-B288-5A888E204A62}.Debug|x86.Build.0 = Debug|Any CPU
		{A6359716-57D9-4B0C-B288-5A888E204A62}.Debug|x86.Deploy.0 = Debug|Any CPU
		{A6359716-57D9-4B0C-B288-5A888E204A62}.Release|Any CPU.ActiveCfg = Release|Any CPU
		{A6359716-57D9-4B0C-B288-5A888E204A62}.Release|Any CPU.Build.0 = Release|Any CPU
		{A6359716-57D9-4B0C-B288-5A888E204A62}.Release|Any CPU.Deploy.0 = Release|Any CPU
		{A6359716-57D9-4B0C-B288-5A888E204A62}.Release|ARM.ActiveCfg = Release|Any CPU
		{A6359716-57D9-4B0C-B288-5A888E204A62}.Release|ARM.Build.0 = Release|Any CPU
		{A6359716-57D9-4B0C-B288-5A888E204A62}.Release|ARM.Deploy.0 = Release|Any CPU
		{A6359716-57D9-4B0C-B288-5A888E204A62}.Release|x64.ActiveCfg = Release|Any CPU
		{A6359716-57D9-4B0C-B288-5A888E204A62}.Release|x64.Build.0 = Release|Any CPU
		{A6359716-57D9-4B0C-B288-5A888E204A62}.Release|x64.Deploy.0 = Release|Any CPU
		{A6359716-57D9-4B0C-B288-5A888E204A62}.Release|x86.ActiveCfg = Release|Any CPU
		{A6359716-57D9-4B0C-B288-5A888E204A62}.Release|x86.Build.0 = Release|Any CPU
		{A6359716-57D9-4B0C-B288-5A888E204A62}.Release|x86.Deploy.0 = Release|Any CPU
		{EF163A0B-9498-4239-BD59-73556F3D419F}.Debug|Any CPU.ActiveCfg = Debug|Any CPU
		{EF163A0B-9498-4239-BD59-73556F3D419F}.Debug|Any CPU.Build.0 = Debug|Any CPU
		{EF163A0B-9498-4239-BD59-73556F3D419F}.Debug|Any CPU.Deploy.0 = Debug|Any CPU
		{EF163A0B-9498-4239-BD59-73556F3D419F}.Debug|ARM.ActiveCfg = Debug|Any CPU
		{EF163A0B-9498-4239-BD59-73556F3D419F}.Debug|ARM.Build.0 = Debug|Any CPU
		{EF163A0B-9498-4239-BD59-73556F3D419F}.Debug|ARM.Deploy.0 = Debug|Any CPU
		{EF163A0B-9498-4239-BD59-73556F3D419F}.Debug|x64.ActiveCfg = Debug|Any CPU
		{EF163A0B-9498-4239-BD59-73556F3D419F}.Debug|x64.Build.0 = Debug|Any CPU
		{EF163A0B-9498-4239-BD59-73556F3D419F}.Debug|x64.Deploy.0 = Debug|Any CPU
		{EF163A0B-9498-4239-BD59-73556F3D419F}.Debug|x86.ActiveCfg = Debug|Any CPU
		{EF163A0B-9498-4239-BD59-73556F3D419F}.Debug|x86.Build.0 = Debug|Any CPU
		{EF163A0B-9498-4239-BD59-73556F3D419F}.Debug|x86.Deploy.0 = Debug|Any CPU
		{EF163A0B-9498-4239-BD59-73556F3D419F}.Release|Any CPU.ActiveCfg = Release|Any CPU
		{EF163A0B-9498-4239-BD59-73556F3D419F}.Release|Any CPU.Build.0 = Release|Any CPU
		{EF163A0B-9498-4239-BD59-73556F3D419F}.Release|Any CPU.Deploy.0 = Release|Any CPU
		{EF163A0B-9498-4239-BD59-73556F3D419F}.Release|ARM.ActiveCfg = Release|Any CPU
		{EF163A0B-9498-4239-BD59-73556F3D419F}.Release|ARM.Build.0 = Release|Any CPU
		{EF163A0B-9498-4239-BD59-73556F3D419F}.Release|ARM.Deploy.0 = Release|Any CPU
		{EF163A0B-9498-4239-BD59-73556F3D419F}.Release|x64.ActiveCfg = Release|Any CPU
		{EF163A0B-9498-4239-BD59-73556F3D419F}.Release|x64.Build.0 = Release|Any CPU
		{EF163A0B-9498-4239-BD59-73556F3D419F}.Release|x64.Deploy.0 = Release|Any CPU
		{EF163A0B-9498-4239-BD59-73556F3D419F}.Release|x86.ActiveCfg = Release|Any CPU
		{EF163A0B-9498-4239-BD59-73556F3D419F}.Release|x86.Build.0 = Release|Any CPU
		{EF163A0B-9498-4239-BD59-73556F3D419F}.Release|x86.Deploy.0 = Release|Any CPU
		{A52919EE-C0A0-4D33-A5DF-32CA64E4FBE8}.Debug|Any CPU.ActiveCfg = Debug|Any CPU
		{A52919EE-C0A0-4D33-A5DF-32CA64E4FBE8}.Debug|Any CPU.Build.0 = Debug|Any CPU
		{A52919EE-C0A0-4D33-A5DF-32CA64E4FBE8}.Debug|ARM.ActiveCfg = Debug|Any CPU
		{A52919EE-C0A0-4D33-A5DF-32CA64E4FBE8}.Debug|ARM.Build.0 = Debug|Any CPU
		{A52919EE-C0A0-4D33-A5DF-32CA64E4FBE8}.Debug|x64.ActiveCfg = Debug|Any CPU
		{A52919EE-C0A0-4D33-A5DF-32CA64E4FBE8}.Debug|x64.Build.0 = Debug|Any CPU
		{A52919EE-C0A0-4D33-A5DF-32CA64E4FBE8}.Debug|x86.ActiveCfg = Debug|Any CPU
		{A52919EE-C0A0-4D33-A5DF-32CA64E4FBE8}.Debug|x86.Build.0 = Debug|Any CPU
		{A52919EE-C0A0-4D33-A5DF-32CA64E4FBE8}.Release|Any CPU.ActiveCfg = Release|Any CPU
		{A52919EE-C0A0-4D33-A5DF-32CA64E4FBE8}.Release|Any CPU.Build.0 = Release|Any CPU
		{A52919EE-C0A0-4D33-A5DF-32CA64E4FBE8}.Release|ARM.ActiveCfg = Release|Any CPU
		{A52919EE-C0A0-4D33-A5DF-32CA64E4FBE8}.Release|ARM.Build.0 = Release|Any CPU
		{A52919EE-C0A0-4D33-A5DF-32CA64E4FBE8}.Release|x64.ActiveCfg = Release|Any CPU
		{A52919EE-C0A0-4D33-A5DF-32CA64E4FBE8}.Release|x64.Build.0 = Release|Any CPU
		{A52919EE-C0A0-4D33-A5DF-32CA64E4FBE8}.Release|x86.ActiveCfg = Release|Any CPU
		{A52919EE-C0A0-4D33-A5DF-32CA64E4FBE8}.Release|x86.Build.0 = Release|Any CPU
		{C18FA25C-7513-42A3-9FE5-8ECA45293C6F}.Debug|Any CPU.ActiveCfg = Debug|Any CPU
		{C18FA25C-7513-42A3-9FE5-8ECA45293C6F}.Debug|Any CPU.Build.0 = Debug|Any CPU
		{C18FA25C-7513-42A3-9FE5-8ECA45293C6F}.Debug|ARM.ActiveCfg = Debug|Any CPU
		{C18FA25C-7513-42A3-9FE5-8ECA45293C6F}.Debug|ARM.Build.0 = Debug|Any CPU
		{C18FA25C-7513-42A3-9FE5-8ECA45293C6F}.Debug|x64.ActiveCfg = Debug|Any CPU
		{C18FA25C-7513-42A3-9FE5-8ECA45293C6F}.Debug|x64.Build.0 = Debug|Any CPU
		{C18FA25C-7513-42A3-9FE5-8ECA45293C6F}.Debug|x86.ActiveCfg = Debug|Any CPU
		{C18FA25C-7513-42A3-9FE5-8ECA45293C6F}.Debug|x86.Build.0 = Debug|Any CPU
		{C18FA25C-7513-42A3-9FE5-8ECA45293C6F}.Release|Any CPU.ActiveCfg = Release|Any CPU
		{C18FA25C-7513-42A3-9FE5-8ECA45293C6F}.Release|Any CPU.Build.0 = Release|Any CPU
		{C18FA25C-7513-42A3-9FE5-8ECA45293C6F}.Release|ARM.ActiveCfg = Release|Any CPU
		{C18FA25C-7513-42A3-9FE5-8ECA45293C6F}.Release|ARM.Build.0 = Release|Any CPU
		{C18FA25C-7513-42A3-9FE5-8ECA45293C6F}.Release|x64.ActiveCfg = Release|Any CPU
		{C18FA25C-7513-42A3-9FE5-8ECA45293C6F}.Release|x64.Build.0 = Release|Any CPU
		{C18FA25C-7513-42A3-9FE5-8ECA45293C6F}.Release|x86.ActiveCfg = Release|Any CPU
		{C18FA25C-7513-42A3-9FE5-8ECA45293C6F}.Release|x86.Build.0 = Release|Any CPU
		{4B84F969-4265-4E53-A0FB-88750250B786}.Debug|Any CPU.ActiveCfg = Debug|Any CPU
		{4B84F969-4265-4E53-A0FB-88750250B786}.Debug|Any CPU.Build.0 = Debug|Any CPU
		{4B84F969-4265-4E53-A0FB-88750250B786}.Debug|ARM.ActiveCfg = Debug|Any CPU
		{4B84F969-4265-4E53-A0FB-88750250B786}.Debug|ARM.Build.0 = Debug|Any CPU
		{4B84F969-4265-4E53-A0FB-88750250B786}.Debug|x64.ActiveCfg = Debug|Any CPU
		{4B84F969-4265-4E53-A0FB-88750250B786}.Debug|x64.Build.0 = Debug|Any CPU
		{4B84F969-4265-4E53-A0FB-88750250B786}.Debug|x86.ActiveCfg = Debug|Any CPU
		{4B84F969-4265-4E53-A0FB-88750250B786}.Debug|x86.Build.0 = Debug|Any CPU
		{4B84F969-4265-4E53-A0FB-88750250B786}.Release|Any CPU.ActiveCfg = Release|Any CPU
		{4B84F969-4265-4E53-A0FB-88750250B786}.Release|Any CPU.Build.0 = Release|Any CPU
		{4B84F969-4265-4E53-A0FB-88750250B786}.Release|ARM.ActiveCfg = Release|Any CPU
		{4B84F969-4265-4E53-A0FB-88750250B786}.Release|ARM.Build.0 = Release|Any CPU
		{4B84F969-4265-4E53-A0FB-88750250B786}.Release|x64.ActiveCfg = Release|Any CPU
		{4B84F969-4265-4E53-A0FB-88750250B786}.Release|x64.Build.0 = Release|Any CPU
		{4B84F969-4265-4E53-A0FB-88750250B786}.Release|x86.ActiveCfg = Release|Any CPU
		{4B84F969-4265-4E53-A0FB-88750250B786}.Release|x86.Build.0 = Release|Any CPU
	EndGlobalSection
	GlobalSection(SolutionProperties) = preSolution
		HideSolutionNode = FALSE
	EndGlobalSection
	GlobalSection(ExtensibilityGlobals) = postSolution
		SolutionGuid = {FBC2D855-CAA5-4C72-AB11-78C0B9A18366}
	EndGlobalSection
EndGlobal
