
Microsoft Visual Studio Solution File, Format Version 12.00
# Visual Studio 15
VisualStudioVersion = 15.0.28307.852
MinimumVisualStudioVersion = 10.0.40219.1
Project("{FAE04EC0-301F-11D3-BF4B-00C04F79EFBC}") = "HolaMundoJS", "HolaMundoJS\HolaMundoJS.csproj", "{36ACC8CE-BFEB-49CC-8430-7CEB094AA251}"
EndProject
Global
	GlobalSection(SolutionConfigurationPlatforms) = preSolution
		Debug|Any CPU = Debug|Any CPU
		Release|Any CPU = Release|Any CPU
	EndGlobalSection
	GlobalSection(ProjectConfigurationPlatforms) = postSolution
		{36ACC8CE-BFEB-49CC-8430-7CEB094AA251}.Debug|Any CPU.ActiveCfg = Debug|Any CPU
		{36ACC8CE-BFEB-49CC-8430-7CEB094AA251}.Debug|Any CPU.Build.0 = Debug|Any CPU
		{36ACC8CE-BFEB-49CC-8430-7CEB094AA251}.Release|Any CPU.ActiveCfg = Release|Any CPU
		{36ACC8CE-BFEB-49CC-8430-7CEB094AA251}.Release|Any CPU.Build.0 = Release|Any CPU
	EndGlobalSection
	GlobalSection(SolutionProperties) = preSolution
		HideSolutionNode = FALSE
	EndGlobalSection
	GlobalSection(ExtensibilityGlobals) = postSolution
		SolutionGuid = {36996687-45A1-4A79-80FF-B4AF397FD949}
	EndGlobalSection
EndGlobal
