
Microsoft Visual Studio Solution File, Format Version 12.00
# Visual Studio Version 16
VisualStudioVersion = 16.0.29326.143
MinimumVisualStudioVersion = 10.0.40219.1
Project("{FAE04EC0-301F-11D3-BF4B-00C04F79EFBC}") = "13_HolaMundoBonito_javaScript", "13_HolaMundoBonito_javaScript\13_HolaMundoBonito_javaScript.csproj", "{7B3C8D1F-A04D-4532-84DB-22C27EAC0FC2}"
EndProject
Global
	GlobalSection(SolutionConfigurationPlatforms) = preSolution
		Debug|Any CPU = Debug|Any CPU
		Release|Any CPU = Release|Any CPU
	EndGlobalSection
	GlobalSection(ProjectConfigurationPlatforms) = postSolution
		{7B3C8D1F-A04D-4532-84DB-22C27EAC0FC2}.Debug|Any CPU.ActiveCfg = Debug|Any CPU
		{7B3C8D1F-A04D-4532-84DB-22C27EAC0FC2}.Debug|Any CPU.Build.0 = Debug|Any CPU
		{7B3C8D1F-A04D-4532-84DB-22C27EAC0FC2}.Release|Any CPU.ActiveCfg = Release|Any CPU
		{7B3C8D1F-A04D-4532-84DB-22C27EAC0FC2}.Release|Any CPU.Build.0 = Release|Any CPU
	EndGlobalSection
	GlobalSection(SolutionProperties) = preSolution
		HideSolutionNode = FALSE
	EndGlobalSection
	GlobalSection(ExtensibilityGlobals) = postSolution
		SolutionGuid = {CDB61501-4024-4A16-B35F-0420FA00E077}
	EndGlobalSection
EndGlobal
