
Microsoft Visual Studio Solution File, Format Version 12.00
# Visual Studio 15
VisualStudioVersion = 15.0.28307.902
MinimumVisualStudioVersion = 10.0.40219.1
Project("{FAE04EC0-301F-11D3-BF4B-00C04F79EFBC}") = "CRUDXamarin.Android", "CRUDXamarin\CRUDXamarin.Android\CRUDXamarin.Android.csproj", "{1533CCAE-15B8-445D-B47A-7D28A9AE1274}"
EndProject
Project("{FAE04EC0-301F-11D3-BF4B-00C04F79EFBC}") = "CRUDXamarin.iOS", "CRUDXamarin\CRUDXamarin.iOS\CRUDXamarin.iOS.csproj", "{3307F560-D582-4325-B573-9448F6954CC7}"
EndProject
Project("{FAE04EC0-301F-11D3-BF4B-00C04F79EFBC}") = "CRUDXamarin.UWP", "CRUDXamarin\CRUDXamarin.UWP\CRUDXamarin.UWP.csproj", "{02CC224E-1725-4EDF-B2C1-BA0C2560A1CB}"
EndProject
Project("{FAE04EC0-301F-11D3-BF4B-00C04F79EFBC}") = "CRUDXamarin", "CRUDXamarin\CRUDXamarin\CRUDXamarin.csproj", "{97E9F8AC-A8AC-48E6-A329-BF54B5D28D99}"
EndProject
Project("{FAE04EC0-301F-11D3-BF4B-00C04F79EFBC}") = "CRUDXamarin_DAL", "CRUDXamarin_DAL\CRUDXamarin_DAL.csproj", "{C962959D-2C1E-4015-9488-B341A481C309}"
EndProject
Project("{FAE04EC0-301F-11D3-BF4B-00C04F79EFBC}") = "CRUDXamarin_BL", "CRUDXamarin_BL\CRUDXamarin_BL.csproj", "{601108E7-EDA5-401C-B365-91A2D9EBF586}"
EndProject
Project("{FAE04EC0-301F-11D3-BF4B-00C04F79EFBC}") = "CRUDXamarin_Ent", "CRUDXamarin_Ent\CRUDXamarin_Ent.csproj", "{19265C69-7B71-4ACB-AA3D-0DA151D76FAA}"
EndProject
Global
	GlobalSection(SolutionConfigurationPlatforms) = preSolution
		Ad-Hoc|Any CPU = Ad-Hoc|Any CPU
		Ad-Hoc|ARM = Ad-Hoc|ARM
		Ad-Hoc|iPhone = Ad-Hoc|iPhone
		Ad-Hoc|iPhoneSimulator = Ad-Hoc|iPhoneSimulator
		Ad-Hoc|x64 = Ad-Hoc|x64
		Ad-Hoc|x86 = Ad-Hoc|x86
		AppStore|Any CPU = AppStore|Any CPU
		AppStore|ARM = AppStore|ARM
		AppStore|iPhone = AppStore|iPhone
		AppStore|iPhoneSimulator = AppStore|iPhoneSimulator
		AppStore|x64 = AppStore|x64
		AppStore|x86 = AppStore|x86
		Debug|Any CPU = Debug|Any CPU
		Debug|ARM = Debug|ARM
		Debug|iPhone = Debug|iPhone
		Debug|iPhoneSimulator = Debug|iPhoneSimulator
		Debug|x64 = Debug|x64
		Debug|x86 = Debug|x86
		Release|Any CPU = Release|Any CPU
		Release|ARM = Release|ARM
		Release|iPhone = Release|iPhone
		Release|iPhoneSimulator = Release|iPhoneSimulator
		Release|x64 = Release|x64
		Release|x86 = Release|x86
	EndGlobalSection
	GlobalSection(ProjectConfigurationPlatforms) = postSolution
		{1533CCAE-15B8-445D-B47A-7D28A9AE1274}.Ad-Hoc|Any CPU.ActiveCfg = Release|Any CPU
		{1533CCAE-15B8-445D-B47A-7D28A9AE1274}.Ad-Hoc|Any CPU.Build.0 = Release|Any CPU
		{1533CCAE-15B8-445D-B47A-7D28A9AE1274}.Ad-Hoc|Any CPU.Deploy.0 = Release|Any CPU
		{1533CCAE-15B8-445D-B47A-7D28A9AE1274}.Ad-Hoc|ARM.ActiveCfg = Release|Any CPU
		{1533CCAE-15B8-445D-B47A-7D28A9AE1274}.Ad-Hoc|ARM.Build.0 = Release|Any CPU
		{1533CCAE-15B8-445D-B47A-7D28A9AE1274}.Ad-Hoc|ARM.Deploy.0 = Release|Any CPU
		{1533CCAE-15B8-445D-B47A-7D28A9AE1274}.Ad-Hoc|iPhone.ActiveCfg = Release|Any CPU
		{1533CCAE-15B8-445D-B47A-7D28A9AE1274}.Ad-Hoc|iPhone.Build.0 = Release|Any CPU
		{1533CCAE-15B8-445D-B47A-7D28A9AE1274}.Ad-Hoc|iPhone.Deploy.0 = Release|Any CPU
		{1533CCAE-15B8-445D-B47A-7D28A9AE1274}.Ad-Hoc|iPhoneSimulator.ActiveCfg = Release|Any CPU
		{1533CCAE-15B8-445D-B47A-7D28A9AE1274}.Ad-Hoc|iPhoneSimulator.Build.0 = Release|Any CPU
		{1533CCAE-15B8-445D-B47A-7D28A9AE1274}.Ad-Hoc|iPhoneSimulator.Deploy.0 = Release|Any CPU
		{1533CCAE-15B8-445D-B47A-7D28A9AE1274}.Ad-Hoc|x64.ActiveCfg = Release|Any CPU
		{1533CCAE-15B8-445D-B47A-7D28A9AE1274}.Ad-Hoc|x64.Build.0 = Release|Any CPU
		{1533CCAE-15B8-445D-B47A-7D28A9AE1274}.Ad-Hoc|x64.Deploy.0 = Release|Any CPU
		{1533CCAE-15B8-445D-B47A-7D28A9AE1274}.Ad-Hoc|x86.ActiveCfg = Release|Any CPU
		{1533CCAE-15B8-445D-B47A-7D28A9AE1274}.Ad-Hoc|x86.Build.0 = Release|Any CPU
		{1533CCAE-15B8-445D-B47A-7D28A9AE1274}.Ad-Hoc|x86.Deploy.0 = Release|Any CPU
		{1533CCAE-15B8-445D-B47A-7D28A9AE1274}.AppStore|Any CPU.ActiveCfg = Release|Any CPU
		{1533CCAE-15B8-445D-B47A-7D28A9AE1274}.AppStore|Any CPU.Build.0 = Release|Any CPU
		{1533CCAE-15B8-445D-B47A-7D28A9AE1274}.AppStore|Any CPU.Deploy.0 = Release|Any CPU
		{1533CCAE-15B8-445D-B47A-7D28A9AE1274}.AppStore|ARM.ActiveCfg = Release|Any CPU
		{1533CCAE-15B8-445D-B47A-7D28A9AE1274}.AppStore|ARM.Build.0 = Release|Any CPU
		{1533CCAE-15B8-445D-B47A-7D28A9AE1274}.AppStore|ARM.Deploy.0 = Release|Any CPU
		{1533CCAE-15B8-445D-B47A-7D28A9AE1274}.AppStore|iPhone.ActiveCfg = Release|Any CPU
		{1533CCAE-15B8-445D-B47A-7D28A9AE1274}.AppStore|iPhone.Build.0 = Release|Any CPU
		{1533CCAE-15B8-445D-B47A-7D28A9AE1274}.AppStore|iPhone.Deploy.0 = Release|Any CPU
		{1533CCAE-15B8-445D-B47A-7D28A9AE1274}.AppStore|iPhoneSimulator.ActiveCfg = Release|Any CPU
		{1533CCAE-15B8-445D-B47A-7D28A9AE1274}.AppStore|iPhoneSimulator.Build.0 = Release|Any CPU
		{1533CCAE-15B8-445D-B47A-7D28A9AE1274}.AppStore|iPhoneSimulator.Deploy.0 = Release|Any CPU
		{1533CCAE-15B8-445D-B47A-7D28A9AE1274}.AppStore|x64.ActiveCfg = Release|Any CPU
		{1533CCAE-15B8-445D-B47A-7D28A9AE1274}.AppStore|x64.Build.0 = Release|Any CPU
		{1533CCAE-15B8-445D-B47A-7D28A9AE1274}.AppStore|x64.Deploy.0 = Release|Any CPU
		{1533CCAE-15B8-445D-B47A-7D28A9AE1274}.AppStore|x86.ActiveCfg = Release|Any CPU
		{1533CCAE-15B8-445D-B47A-7D28A9AE1274}.AppStore|x86.Build.0 = Release|Any CPU
		{1533CCAE-15B8-445D-B47A-7D28A9AE1274}.AppStore|x86.Deploy.0 = Release|Any CPU
		{1533CCAE-15B8-445D-B47A-7D28A9AE1274}.Debug|Any CPU.ActiveCfg = Debug|Any CPU
		{1533CCAE-15B8-445D-B47A-7D28A9AE1274}.Debug|Any CPU.Build.0 = Debug|Any CPU
		{1533CCAE-15B8-445D-B47A-7D28A9AE1274}.Debug|Any CPU.Deploy.0 = Debug|Any CPU
		{1533CCAE-15B8-445D-B47A-7D28A9AE1274}.Debug|ARM.ActiveCfg = Debug|Any CPU
		{1533CCAE-15B8-445D-B47A-7D28A9AE1274}.Debug|ARM.Build.0 = Debug|Any CPU
		{1533CCAE-15B8-445D-B47A-7D28A9AE1274}.Debug|ARM.Deploy.0 = Debug|Any CPU
		{1533CCAE-15B8-445D-B47A-7D28A9AE1274}.Debug|iPhone.ActiveCfg = Debug|Any CPU
		{1533CCAE-15B8-445D-B47A-7D28A9AE1274}.Debug|iPhone.Build.0 = Debug|Any CPU
		{1533CCAE-15B8-445D-B47A-7D28A9AE1274}.Debug|iPhone.Deploy.0 = Debug|Any CPU
		{1533CCAE-15B8-445D-B47A-7D28A9AE1274}.Debug|iPhoneSimulator.ActiveCfg = Debug|Any CPU
		{1533CCAE-15B8-445D-B47A-7D28A9AE1274}.Debug|iPhoneSimulator.Build.0 = Debug|Any CPU
		{1533CCAE-15B8-445D-B47A-7D28A9AE1274}.Debug|iPhoneSimulator.Deploy.0 = Debug|Any CPU
		{1533CCAE-15B8-445D-B47A-7D28A9AE1274}.Debug|x64.ActiveCfg = Debug|Any CPU
		{1533CCAE-15B8-445D-B47A-7D28A9AE1274}.Debug|x64.Build.0 = Debug|Any CPU
		{1533CCAE-15B8-445D-B47A-7D28A9AE1274}.Debug|x64.Deploy.0 = Debug|Any CPU
		{1533CCAE-15B8-445D-B47A-7D28A9AE1274}.Debug|x86.ActiveCfg = Debug|Any CPU
		{1533CCAE-15B8-445D-B47A-7D28A9AE1274}.Debug|x86.Build.0 = Debug|Any CPU
		{1533CCAE-15B8-445D-B47A-7D28A9AE1274}.Debug|x86.Deploy.0 = Debug|Any CPU
		{1533CCAE-15B8-445D-B47A-7D28A9AE1274}.Release|Any CPU.ActiveCfg = Release|Any CPU
		{1533CCAE-15B8-445D-B47A-7D28A9AE1274}.Release|Any CPU.Build.0 = Release|Any CPU
		{1533CCAE-15B8-445D-B47A-7D28A9AE1274}.Release|Any CPU.Deploy.0 = Release|Any CPU
		{1533CCAE-15B8-445D-B47A-7D28A9AE1274}.Release|ARM.ActiveCfg = Release|Any CPU
		{1533CCAE-15B8-445D-B47A-7D28A9AE1274}.Release|ARM.Build.0 = Release|Any CPU
		{1533CCAE-15B8-445D-B47A-7D28A9AE1274}.Release|ARM.Deploy.0 = Release|Any CPU
		{1533CCAE-15B8-445D-B47A-7D28A9AE1274}.Release|iPhone.ActiveCfg = Release|Any CPU
		{1533CCAE-15B8-445D-B47A-7D28A9AE1274}.Release|iPhone.Build.0 = Release|Any CPU
		{1533CCAE-15B8-445D-B47A-7D28A9AE1274}.Release|iPhone.Deploy.0 = Release|Any CPU
		{1533CCAE-15B8-445D-B47A-7D28A9AE1274}.Release|iPhoneSimulator.ActiveCfg = Release|Any CPU
		{1533CCAE-15B8-445D-B47A-7D28A9AE1274}.Release|iPhoneSimulator.Build.0 = Release|Any CPU
		{1533CCAE-15B8-445D-B47A-7D28A9AE1274}.Release|iPhoneSimulator.Deploy.0 = Release|Any CPU
		{1533CCAE-15B8-445D-B47A-7D28A9AE1274}.Release|x64.ActiveCfg = Release|Any CPU
		{1533CCAE-15B8-445D-B47A-7D28A9AE1274}.Release|x64.Build.0 = Release|Any CPU
		{1533CCAE-15B8-445D-B47A-7D28A9AE1274}.Release|x64.Deploy.0 = Release|Any CPU
		{1533CCAE-15B8-445D-B47A-7D28A9AE1274}.Release|x86.ActiveCfg = Release|Any CPU
		{1533CCAE-15B8-445D-B47A-7D28A9AE1274}.Release|x86.Build.0 = Release|Any CPU
		{1533CCAE-15B8-445D-B47A-7D28A9AE1274}.Release|x86.Deploy.0 = Release|Any CPU
		{3307F560-D582-4325-B573-9448F6954CC7}.Ad-Hoc|Any CPU.ActiveCfg = Ad-Hoc|iPhone
		{3307F560-D582-4325-B573-9448F6954CC7}.Ad-Hoc|Any CPU.Build.0 = Ad-Hoc|iPhone
		{3307F560-D582-4325-B573-9448F6954CC7}.Ad-Hoc|Any CPU.Deploy.0 = Ad-Hoc|iPhone
		{3307F560-D582-4325-B573-9448F6954CC7}.Ad-Hoc|ARM.ActiveCfg = Ad-Hoc|iPhone
		{3307F560-D582-4325-B573-9448F6954CC7}.Ad-Hoc|ARM.Build.0 = Ad-Hoc|iPhone
		{3307F560-D582-4325-B573-9448F6954CC7}.Ad-Hoc|ARM.Deploy.0 = Ad-Hoc|iPhone
		{3307F560-D582-4325-B573-9448F6954CC7}.Ad-Hoc|iPhone.ActiveCfg = Ad-Hoc|iPhone
		{3307F560-D582-4325-B573-9448F6954CC7}.Ad-Hoc|iPhone.Build.0 = Ad-Hoc|iPhone
		{3307F560-D582-4325-B573-9448F6954CC7}.Ad-Hoc|iPhone.Deploy.0 = Ad-Hoc|iPhone
		{3307F560-D582-4325-B573-9448F6954CC7}.Ad-Hoc|iPhoneSimulator.ActiveCfg = Ad-Hoc|iPhoneSimulator
		{3307F560-D582-4325-B573-9448F6954CC7}.Ad-Hoc|iPhoneSimulator.Build.0 = Ad-Hoc|iPhoneSimulator
		{3307F560-D582-4325-B573-9448F6954CC7}.Ad-Hoc|iPhoneSimulator.Deploy.0 = Ad-Hoc|iPhoneSimulator
		{3307F560-D582-4325-B573-9448F6954CC7}.Ad-Hoc|x64.ActiveCfg = Ad-Hoc|iPhone
		{3307F560-D582-4325-B573-9448F6954CC7}.Ad-Hoc|x64.Build.0 = Ad-Hoc|iPhone
		{3307F560-D582-4325-B573-9448F6954CC7}.Ad-Hoc|x64.Deploy.0 = Ad-Hoc|iPhone
		{3307F560-D582-4325-B573-9448F6954CC7}.Ad-Hoc|x86.ActiveCfg = Ad-Hoc|iPhone
		{3307F560-D582-4325-B573-9448F6954CC7}.Ad-Hoc|x86.Build.0 = Ad-Hoc|iPhone
		{3307F560-D582-4325-B573-9448F6954CC7}.Ad-Hoc|x86.Deploy.0 = Ad-Hoc|iPhone
		{3307F560-D582-4325-B573-9448F6954CC7}.AppStore|Any CPU.ActiveCfg = AppStore|iPhone
		{3307F560-D582-4325-B573-9448F6954CC7}.AppStore|Any CPU.Build.0 = AppStore|iPhone
		{3307F560-D582-4325-B573-9448F6954CC7}.AppStore|Any CPU.Deploy.0 = AppStore|iPhone
		{3307F560-D582-4325-B573-9448F6954CC7}.AppStore|ARM.ActiveCfg = AppStore|iPhone
		{3307F560-D582-4325-B573-9448F6954CC7}.AppStore|ARM.Build.0 = AppStore|iPhone
		{3307F560-D582-4325-B573-9448F6954CC7}.AppStore|ARM.Deploy.0 = AppStore|iPhone
		{3307F560-D582-4325-B573-9448F6954CC7}.AppStore|iPhone.ActiveCfg = AppStore|iPhone
		{3307F560-D582-4325-B573-9448F6954CC7}.AppStore|iPhone.Build.0 = AppStore|iPhone
		{3307F560-D582-4325-B573-9448F6954CC7}.AppStore|iPhone.Deploy.0 = AppStore|iPhone
		{3307F560-D582-4325-B573-9448F6954CC7}.AppStore|iPhoneSimulator.ActiveCfg = AppStore|iPhoneSimulator
		{3307F560-D582-4325-B573-9448F6954CC7}.AppStore|iPhoneSimulator.Build.0 = AppStore|iPhoneSimulator
		{3307F560-D582-4325-B573-9448F6954CC7}.AppStore|iPhoneSimulator.Deploy.0 = AppStore|iPhoneSimulator
		{3307F560-D582-4325-B573-9448F6954CC7}.AppStore|x64.ActiveCfg = AppStore|iPhone
		{3307F560-D582-4325-B573-9448F6954CC7}.AppStore|x64.Build.0 = AppStore|iPhone
		{3307F560-D582-4325-B573-9448F6954CC7}.AppStore|x64.Deploy.0 = AppStore|iPhone
		{3307F560-D582-4325-B573-9448F6954CC7}.AppStore|x86.ActiveCfg = AppStore|iPhone
		{3307F560-D582-4325-B573-9448F6954CC7}.AppStore|x86.Build.0 = AppStore|iPhone
		{3307F560-D582-4325-B573-9448F6954CC7}.AppStore|x86.Deploy.0 = AppStore|iPhone
		{3307F560-D582-4325-B573-9448F6954CC7}.Debug|Any CPU.ActiveCfg = Debug|iPhoneSimulator
		{3307F560-D582-4325-B573-9448F6954CC7}.Debug|Any CPU.Build.0 = Debug|iPhoneSimulator
		{3307F560-D582-4325-B573-9448F6954CC7}.Debug|Any CPU.Deploy.0 = Debug|iPhoneSimulator
		{3307F560-D582-4325-B573-9448F6954CC7}.Debug|ARM.ActiveCfg = Debug|iPhone
		{3307F560-D582-4325-B573-9448F6954CC7}.Debug|ARM.Build.0 = Debug|iPhone
		{3307F560-D582-4325-B573-9448F6954CC7}.Debug|ARM.Deploy.0 = Debug|iPhone
		{3307F560-D582-4325-B573-9448F6954CC7}.Debug|iPhone.ActiveCfg = Debug|iPhone
		{3307F560-D582-4325-B573-9448F6954CC7}.Debug|iPhone.Build.0 = Debug|iPhone
		{3307F560-D582-4325-B573-9448F6954CC7}.Debug|iPhone.Deploy.0 = Debug|iPhone
		{3307F560-D582-4325-B573-9448F6954CC7}.Debug|iPhoneSimulator.ActiveCfg = Debug|iPhoneSimulator
		{3307F560-D582-4325-B573-9448F6954CC7}.Debug|iPhoneSimulator.Build.0 = Debug|iPhoneSimulator
		{3307F560-D582-4325-B573-9448F6954CC7}.Debug|iPhoneSimulator.Deploy.0 = Debug|iPhoneSimulator
		{3307F560-D582-4325-B573-9448F6954CC7}.Debug|x64.ActiveCfg = Debug|iPhone
		{3307F560-D582-4325-B573-9448F6954CC7}.Debug|x64.Build.0 = Debug|iPhone
		{3307F560-D582-4325-B573-9448F6954CC7}.Debug|x64.Deploy.0 = Debug|iPhone
		{3307F560-D582-4325-B573-9448F6954CC7}.Debug|x86.ActiveCfg = Debug|iPhone
		{3307F560-D582-4325-B573-9448F6954CC7}.Debug|x86.Build.0 = Debug|iPhone
		{3307F560-D582-4325-B573-9448F6954CC7}.Debug|x86.Deploy.0 = Debug|iPhone
		{3307F560-D582-4325-B573-9448F6954CC7}.Release|Any CPU.ActiveCfg = Release|iPhone
		{3307F560-D582-4325-B573-9448F6954CC7}.Release|Any CPU.Build.0 = Release|iPhone
		{3307F560-D582-4325-B573-9448F6954CC7}.Release|Any CPU.Deploy.0 = Release|iPhone
		{3307F560-D582-4325-B573-9448F6954CC7}.Release|ARM.ActiveCfg = Release|iPhone
		{3307F560-D582-4325-B573-9448F6954CC7}.Release|ARM.Build.0 = Release|iPhone
		{3307F560-D582-4325-B573-9448F6954CC7}.Release|ARM.Deploy.0 = Release|iPhone
		{3307F560-D582-4325-B573-9448F6954CC7}.Release|iPhone.ActiveCfg = Release|iPhone
		{3307F560-D582-4325-B573-9448F6954CC7}.Release|iPhone.Build.0 = Release|iPhone
		{3307F560-D582-4325-B573-9448F6954CC7}.Release|iPhone.Deploy.0 = Release|iPhone
		{3307F560-D582-4325-B573-9448F6954CC7}.Release|iPhoneSimulator.ActiveCfg = Release|iPhoneSimulator
		{3307F560-D582-4325-B573-9448F6954CC7}.Release|iPhoneSimulator.Build.0 = Release|iPhoneSimulator
		{3307F560-D582-4325-B573-9448F6954CC7}.Release|iPhoneSimulator.Deploy.0 = Release|iPhoneSimulator
		{3307F560-D582-4325-B573-9448F6954CC7}.Release|x64.ActiveCfg = Release|iPhone
		{3307F560-D582-4325-B573-9448F6954CC7}.Release|x64.Build.0 = Release|iPhone
		{3307F560-D582-4325-B573-9448F6954CC7}.Release|x64.Deploy.0 = Release|iPhone
		{3307F560-D582-4325-B573-9448F6954CC7}.Release|x86.ActiveCfg = Release|iPhone
		{3307F560-D582-4325-B573-9448F6954CC7}.Release|x86.Build.0 = Release|iPhone
		{3307F560-D582-4325-B573-9448F6954CC7}.Release|x86.Deploy.0 = Release|iPhone
		{02CC224E-1725-4EDF-B2C1-BA0C2560A1CB}.Ad-Hoc|Any CPU.ActiveCfg = Release|x86
		{02CC224E-1725-4EDF-B2C1-BA0C2560A1CB}.Ad-Hoc|Any CPU.Build.0 = Release|x86
		{02CC224E-1725-4EDF-B2C1-BA0C2560A1CB}.Ad-Hoc|Any CPU.Deploy.0 = Release|x86
		{02CC224E-1725-4EDF-B2C1-BA0C2560A1CB}.Ad-Hoc|ARM.ActiveCfg = Release|ARM
		{02CC224E-1725-4EDF-B2C1-BA0C2560A1CB}.Ad-Hoc|ARM.Build.0 = Release|ARM
		{02CC224E-1725-4EDF-B2C1-BA0C2560A1CB}.Ad-Hoc|ARM.Deploy.0 = Release|ARM
		{02CC224E-1725-4EDF-B2C1-BA0C2560A1CB}.Ad-Hoc|iPhone.ActiveCfg = Release|x86
		{02CC224E-1725-4EDF-B2C1-BA0C2560A1CB}.Ad-Hoc|iPhone.Build.0 = Release|x86
		{02CC224E-1725-4EDF-B2C1-BA0C2560A1CB}.Ad-Hoc|iPhone.Deploy.0 = Release|x86
		{02CC224E-1725-4EDF-B2C1-BA0C2560A1CB}.Ad-Hoc|iPhoneSimulator.ActiveCfg = Release|x86
		{02CC224E-1725-4EDF-B2C1-BA0C2560A1CB}.Ad-Hoc|iPhoneSimulator.Build.0 = Release|x86
		{02CC224E-1725-4EDF-B2C1-BA0C2560A1CB}.Ad-Hoc|iPhoneSimulator.Deploy.0 = Release|x86
		{02CC224E-1725-4EDF-B2C1-BA0C2560A1CB}.Ad-Hoc|x64.ActiveCfg = Release|x64
		{02CC224E-1725-4EDF-B2C1-BA0C2560A1CB}.Ad-Hoc|x64.Build.0 = Release|x64
		{02CC224E-1725-4EDF-B2C1-BA0C2560A1CB}.Ad-Hoc|x64.Deploy.0 = Release|x64
		{02CC224E-1725-4EDF-B2C1-BA0C2560A1CB}.Ad-Hoc|x86.ActiveCfg = Release|x86
		{02CC224E-1725-4EDF-B2C1-BA0C2560A1CB}.Ad-Hoc|x86.Build.0 = Release|x86
		{02CC224E-1725-4EDF-B2C1-BA0C2560A1CB}.Ad-Hoc|x86.Deploy.0 = Release|x86
		{02CC224E-1725-4EDF-B2C1-BA0C2560A1CB}.AppStore|Any CPU.ActiveCfg = Release|x86
		{02CC224E-1725-4EDF-B2C1-BA0C2560A1CB}.AppStore|Any CPU.Build.0 = Release|x86
		{02CC224E-1725-4EDF-B2C1-BA0C2560A1CB}.AppStore|Any CPU.Deploy.0 = Release|x86
		{02CC224E-1725-4EDF-B2C1-BA0C2560A1CB}.AppStore|ARM.ActiveCfg = Release|ARM
		{02CC224E-1725-4EDF-B2C1-BA0C2560A1CB}.AppStore|ARM.Build.0 = Release|ARM
		{02CC224E-1725-4EDF-B2C1-BA0C2560A1CB}.AppStore|ARM.Deploy.0 = Release|ARM
		{02CC224E-1725-4EDF-B2C1-BA0C2560A1CB}.AppStore|iPhone.ActiveCfg = Release|x86
		{02CC224E-1725-4EDF-B2C1-BA0C2560A1CB}.AppStore|iPhone.Build.0 = Release|x86
		{02CC224E-1725-4EDF-B2C1-BA0C2560A1CB}.AppStore|iPhone.Deploy.0 = Release|x86
		{02CC224E-1725-4EDF-B2C1-BA0C2560A1CB}.AppStore|iPhoneSimulator.ActiveCfg = Release|x86
		{02CC224E-1725-4EDF-B2C1-BA0C2560A1CB}.AppStore|iPhoneSimulator.Build.0 = Release|x86
		{02CC224E-1725-4EDF-B2C1-BA0C2560A1CB}.AppStore|iPhoneSimulator.Deploy.0 = Release|x86
		{02CC224E-1725-4EDF-B2C1-BA0C2560A1CB}.AppStore|x64.ActiveCfg = Release|x64
		{02CC224E-1725-4EDF-B2C1-BA0C2560A1CB}.AppStore|x64.Build.0 = Release|x64
		{02CC224E-1725-4EDF-B2C1-BA0C2560A1CB}.AppStore|x64.Deploy.0 = Release|x64
		{02CC224E-1725-4EDF-B2C1-BA0C2560A1CB}.AppStore|x86.ActiveCfg = Release|x86
		{02CC224E-1725-4EDF-B2C1-BA0C2560A1CB}.AppStore|x86.Build.0 = Release|x86
		{02CC224E-1725-4EDF-B2C1-BA0C2560A1CB}.AppStore|x86.Deploy.0 = Release|x86
		{02CC224E-1725-4EDF-B2C1-BA0C2560A1CB}.Debug|Any CPU.ActiveCfg = Debug|x86
		{02CC224E-1725-4EDF-B2C1-BA0C2560A1CB}.Debug|Any CPU.Build.0 = Debug|x86
		{02CC224E-1725-4EDF-B2C1-BA0C2560A1CB}.Debug|Any CPU.Deploy.0 = Debug|x86
		{02CC224E-1725-4EDF-B2C1-BA0C2560A1CB}.Debug|ARM.ActiveCfg = Debug|ARM
		{02CC224E-1725-4EDF-B2C1-BA0C2560A1CB}.Debug|ARM.Build.0 = Debug|ARM
		{02CC224E-1725-4EDF-B2C1-BA0C2560A1CB}.Debug|ARM.Deploy.0 = Debug|ARM
		{02CC224E-1725-4EDF-B2C1-BA0C2560A1CB}.Debug|iPhone.ActiveCfg = Debug|x86
		{02CC224E-1725-4EDF-B2C1-BA0C2560A1CB}.Debug|iPhone.Build.0 = Debug|x86
		{02CC224E-1725-4EDF-B2C1-BA0C2560A1CB}.Debug|iPhone.Deploy.0 = Debug|x86
		{02CC224E-1725-4EDF-B2C1-BA0C2560A1CB}.Debug|iPhoneSimulator.ActiveCfg = Debug|x86
		{02CC224E-1725-4EDF-B2C1-BA0C2560A1CB}.Debug|iPhoneSimulator.Build.0 = Debug|x86
		{02CC224E-1725-4EDF-B2C1-BA0C2560A1CB}.Debug|iPhoneSimulator.Deploy.0 = Debug|x86
		{02CC224E-1725-4EDF-B2C1-BA0C2560A1CB}.Debug|x64.ActiveCfg = Debug|x64
		{02CC224E-1725-4EDF-B2C1-BA0C2560A1CB}.Debug|x64.Build.0 = Debug|x64
		{02CC224E-1725-4EDF-B2C1-BA0C2560A1CB}.Debug|x64.Deploy.0 = Debug|x64
		{02CC224E-1725-4EDF-B2C1-BA0C2560A1CB}.Debug|x86.ActiveCfg = Debug|x86
		{02CC224E-1725-4EDF-B2C1-BA0C2560A1CB}.Debug|x86.Build.0 = Debug|x86
		{02CC224E-1725-4EDF-B2C1-BA0C2560A1CB}.Debug|x86.Deploy.0 = Debug|x86
		{02CC224E-1725-4EDF-B2C1-BA0C2560A1CB}.Release|Any CPU.ActiveCfg = Release|x86
		{02CC224E-1725-4EDF-B2C1-BA0C2560A1CB}.Release|Any CPU.Build.0 = Release|x86
		{02CC224E-1725-4EDF-B2C1-BA0C2560A1CB}.Release|Any CPU.Deploy.0 = Release|x86
		{02CC224E-1725-4EDF-B2C1-BA0C2560A1CB}.Release|ARM.ActiveCfg = Release|ARM
		{02CC224E-1725-4EDF-B2C1-BA0C2560A1CB}.Release|ARM.Build.0 = Release|ARM
		{02CC224E-1725-4EDF-B2C1-BA0C2560A1CB}.Release|ARM.Deploy.0 = Release|ARM
		{02CC224E-1725-4EDF-B2C1-BA0C2560A1CB}.Release|iPhone.ActiveCfg = Release|x86
		{02CC224E-1725-4EDF-B2C1-BA0C2560A1CB}.Release|iPhone.Build.0 = Release|x86
		{02CC224E-1725-4EDF-B2C1-BA0C2560A1CB}.Release|iPhone.Deploy.0 = Release|x86
		{02CC224E-1725-4EDF-B2C1-BA0C2560A1CB}.Release|iPhoneSimulator.ActiveCfg = Release|x86
		{02CC224E-1725-4EDF-B2C1-BA0C2560A1CB}.Release|iPhoneSimulator.Build.0 = Release|x86
		{02CC224E-1725-4EDF-B2C1-BA0C2560A1CB}.Release|iPhoneSimulator.Deploy.0 = Release|x86
		{02CC224E-1725-4EDF-B2C1-BA0C2560A1CB}.Release|x64.ActiveCfg = Release|x64
		{02CC224E-1725-4EDF-B2C1-BA0C2560A1CB}.Release|x64.Build.0 = Release|x64
		{02CC224E-1725-4EDF-B2C1-BA0C2560A1CB}.Release|x64.Deploy.0 = Release|x64
		{02CC224E-1725-4EDF-B2C1-BA0C2560A1CB}.Release|x86.ActiveCfg = Release|x86
		{02CC224E-1725-4EDF-B2C1-BA0C2560A1CB}.Release|x86.Build.0 = Release|x86
		{02CC224E-1725-4EDF-B2C1-BA0C2560A1CB}.Release|x86.Deploy.0 = Release|x86
		{97E9F8AC-A8AC-48E6-A329-BF54B5D28D99}.Ad-Hoc|Any CPU.ActiveCfg = Debug|Any CPU
		{97E9F8AC-A8AC-48E6-A329-BF54B5D28D99}.Ad-Hoc|Any CPU.Build.0 = Debug|Any CPU
		{97E9F8AC-A8AC-48E6-A329-BF54B5D28D99}.Ad-Hoc|Any CPU.Deploy.0 = Debug|Any CPU
		{97E9F8AC-A8AC-48E6-A329-BF54B5D28D99}.Ad-Hoc|ARM.ActiveCfg = Debug|Any CPU
		{97E9F8AC-A8AC-48E6-A329-BF54B5D28D99}.Ad-Hoc|ARM.Build.0 = Debug|Any CPU
		{97E9F8AC-A8AC-48E6-A329-BF54B5D28D99}.Ad-Hoc|ARM.Deploy.0 = Debug|Any CPU
		{97E9F8AC-A8AC-48E6-A329-BF54B5D28D99}.Ad-Hoc|iPhone.ActiveCfg = Debug|Any CPU
		{97E9F8AC-A8AC-48E6-A329-BF54B5D28D99}.Ad-Hoc|iPhone.Build.0 = Debug|Any CPU
		{97E9F8AC-A8AC-48E6-A329-BF54B5D28D99}.Ad-Hoc|iPhone.Deploy.0 = Debug|Any CPU
		{97E9F8AC-A8AC-48E6-A329-BF54B5D28D99}.Ad-Hoc|iPhoneSimulator.ActiveCfg = Debug|Any CPU
		{97E9F8AC-A8AC-48E6-A329-BF54B5D28D99}.Ad-Hoc|iPhoneSimulator.Build.0 = Debug|Any CPU
		{97E9F8AC-A8AC-48E6-A329-BF54B5D28D99}.Ad-Hoc|iPhoneSimulator.Deploy.0 = Debug|Any CPU
		{97E9F8AC-A8AC-48E6-A329-BF54B5D28D99}.Ad-Hoc|x64.ActiveCfg = Debug|Any CPU
		{97E9F8AC-A8AC-48E6-A329-BF54B5D28D99}.Ad-Hoc|x64.Build.0 = Debug|Any CPU
		{97E9F8AC-A8AC-48E6-A329-BF54B5D28D99}.Ad-Hoc|x64.Deploy.0 = Debug|Any CPU
		{97E9F8AC-A8AC-48E6-A329-BF54B5D28D99}.Ad-Hoc|x86.ActiveCfg = Debug|Any CPU
		{97E9F8AC-A8AC-48E6-A329-BF54B5D28D99}.Ad-Hoc|x86.Build.0 = Debug|Any CPU
		{97E9F8AC-A8AC-48E6-A329-BF54B5D28D99}.Ad-Hoc|x86.Deploy.0 = Debug|Any CPU
		{97E9F8AC-A8AC-48E6-A329-BF54B5D28D99}.AppStore|Any CPU.ActiveCfg = Debug|Any CPU
		{97E9F8AC-A8AC-48E6-A329-BF54B5D28D99}.AppStore|Any CPU.Build.0 = Debug|Any CPU
		{97E9F8AC-A8AC-48E6-A329-BF54B5D28D99}.AppStore|Any CPU.Deploy.0 = Debug|Any CPU
		{97E9F8AC-A8AC-48E6-A329-BF54B5D28D99}.AppStore|ARM.ActiveCfg = Debug|Any CPU
		{97E9F8AC-A8AC-48E6-A329-BF54B5D28D99}.AppStore|ARM.Build.0 = Debug|Any CPU
		{97E9F8AC-A8AC-48E6-A329-BF54B5D28D99}.AppStore|ARM.Deploy.0 = Debug|Any CPU
		{97E9F8AC-A8AC-48E6-A329-BF54B5D28D99}.AppStore|iPhone.ActiveCfg = Debug|Any CPU
		{97E9F8AC-A8AC-48E6-A329-BF54B5D28D99}.AppStore|iPhone.Build.0 = Debug|Any CPU
		{97E9F8AC-A8AC-48E6-A329-BF54B5D28D99}.AppStore|iPhone.Deploy.0 = Debug|Any CPU
		{97E9F8AC-A8AC-48E6-A329-BF54B5D28D99}.AppStore|iPhoneSimulator.ActiveCfg = Debug|Any CPU
		{97E9F8AC-A8AC-48E6-A329-BF54B5D28D99}.AppStore|iPhoneSimulator.Build.0 = Debug|Any CPU
		{97E9F8AC-A8AC-48E6-A329-BF54B5D28D99}.AppStore|iPhoneSimulator.Deploy.0 = Debug|Any CPU
		{97E9F8AC-A8AC-48E6-A329-BF54B5D28D99}.AppStore|x64.ActiveCfg = Debug|Any CPU
		{97E9F8AC-A8AC-48E6-A329-BF54B5D28D99}.AppStore|x64.Build.0 = Debug|Any CPU
		{97E9F8AC-A8AC-48E6-A329-BF54B5D28D99}.AppStore|x64.Deploy.0 = Debug|Any CPU
		{97E9F8AC-A8AC-48E6-A329-BF54B5D28D99}.AppStore|x86.ActiveCfg = Debug|Any CPU
		{97E9F8AC-A8AC-48E6-A329-BF54B5D28D99}.AppStore|x86.Build.0 = Debug|Any CPU
		{97E9F8AC-A8AC-48E6-A329-BF54B5D28D99}.AppStore|x86.Deploy.0 = Debug|Any CPU
		{97E9F8AC-A8AC-48E6-A329-BF54B5D28D99}.Debug|Any CPU.ActiveCfg = Debug|Any CPU
		{97E9F8AC-A8AC-48E6-A329-BF54B5D28D99}.Debug|Any CPU.Build.0 = Debug|Any CPU
		{97E9F8AC-A8AC-48E6-A329-BF54B5D28D99}.Debug|Any CPU.Deploy.0 = Debug|Any CPU
		{97E9F8AC-A8AC-48E6-A329-BF54B5D28D99}.Debug|ARM.ActiveCfg = Debug|Any CPU
		{97E9F8AC-A8AC-48E6-A329-BF54B5D28D99}.Debug|ARM.Build.0 = Debug|Any CPU
		{97E9F8AC-A8AC-48E6-A329-BF54B5D28D99}.Debug|ARM.Deploy.0 = Debug|Any CPU
		{97E9F8AC-A8AC-48E6-A329-BF54B5D28D99}.Debug|iPhone.ActiveCfg = Debug|Any CPU
		{97E9F8AC-A8AC-48E6-A329-BF54B5D28D99}.Debug|iPhone.Build.0 = Debug|Any CPU
		{97E9F8AC-A8AC-48E6-A329-BF54B5D28D99}.Debug|iPhone.Deploy.0 = Debug|Any CPU
		{97E9F8AC-A8AC-48E6-A329-BF54B5D28D99}.Debug|iPhoneSimulator.ActiveCfg = Debug|Any CPU
		{97E9F8AC-A8AC-48E6-A329-BF54B5D28D99}.Debug|iPhoneSimulator.Build.0 = Debug|Any CPU
		{97E9F8AC-A8AC-48E6-A329-BF54B5D28D99}.Debug|iPhoneSimulator.Deploy.0 = Debug|Any CPU
		{97E9F8AC-A8AC-48E6-A329-BF54B5D28D99}.Debug|x64.ActiveCfg = Debug|Any CPU
		{97E9F8AC-A8AC-48E6-A329-BF54B5D28D99}.Debug|x64.Build.0 = Debug|Any CPU
		{97E9F8AC-A8AC-48E6-A329-BF54B5D28D99}.Debug|x64.Deploy.0 = Debug|Any CPU
		{97E9F8AC-A8AC-48E6-A329-BF54B5D28D99}.Debug|x86.ActiveCfg = Debug|Any CPU
		{97E9F8AC-A8AC-48E6-A329-BF54B5D28D99}.Debug|x86.Build.0 = Debug|Any CPU
		{97E9F8AC-A8AC-48E6-A329-BF54B5D28D99}.Debug|x86.Deploy.0 = Debug|Any CPU
		{97E9F8AC-A8AC-48E6-A329-BF54B5D28D99}.Release|Any CPU.ActiveCfg = Release|Any CPU
		{97E9F8AC-A8AC-48E6-A329-BF54B5D28D99}.Release|Any CPU.Build.0 = Release|Any CPU
		{97E9F8AC-A8AC-48E6-A329-BF54B5D28D99}.Release|Any CPU.Deploy.0 = Release|Any CPU
		{97E9F8AC-A8AC-48E6-A329-BF54B5D28D99}.Release|ARM.ActiveCfg = Release|Any CPU
		{97E9F8AC-A8AC-48E6-A329-BF54B5D28D99}.Release|ARM.Build.0 = Release|Any CPU
		{97E9F8AC-A8AC-48E6-A329-BF54B5D28D99}.Release|ARM.Deploy.0 = Release|Any CPU
		{97E9F8AC-A8AC-48E6-A329-BF54B5D28D99}.Release|iPhone.ActiveCfg = Release|Any CPU
		{97E9F8AC-A8AC-48E6-A329-BF54B5D28D99}.Release|iPhone.Build.0 = Release|Any CPU
		{97E9F8AC-A8AC-48E6-A329-BF54B5D28D99}.Release|iPhone.Deploy.0 = Release|Any CPU
		{97E9F8AC-A8AC-48E6-A329-BF54B5D28D99}.Release|iPhoneSimulator.ActiveCfg = Release|Any CPU
		{97E9F8AC-A8AC-48E6-A329-BF54B5D28D99}.Release|iPhoneSimulator.Build.0 = Release|Any CPU
		{97E9F8AC-A8AC-48E6-A329-BF54B5D28D99}.Release|iPhoneSimulator.Deploy.0 = Release|Any CPU
		{97E9F8AC-A8AC-48E6-A329-BF54B5D28D99}.Release|x64.ActiveCfg = Release|Any CPU
		{97E9F8AC-A8AC-48E6-A329-BF54B5D28D99}.Release|x64.Build.0 = Release|Any CPU
		{97E9F8AC-A8AC-48E6-A329-BF54B5D28D99}.Release|x64.Deploy.0 = Release|Any CPU
		{97E9F8AC-A8AC-48E6-A329-BF54B5D28D99}.Release|x86.ActiveCfg = Release|Any CPU
		{97E9F8AC-A8AC-48E6-A329-BF54B5D28D99}.Release|x86.Build.0 = Release|Any CPU
		{97E9F8AC-A8AC-48E6-A329-BF54B5D28D99}.Release|x86.Deploy.0 = Release|Any CPU
		{C962959D-2C1E-4015-9488-B341A481C309}.Ad-Hoc|Any CPU.ActiveCfg = Debug|Any CPU
		{C962959D-2C1E-4015-9488-B341A481C309}.Ad-Hoc|Any CPU.Build.0 = Debug|Any CPU
		{C962959D-2C1E-4015-9488-B341A481C309}.Ad-Hoc|ARM.ActiveCfg = Debug|Any CPU
		{C962959D-2C1E-4015-9488-B341A481C309}.Ad-Hoc|ARM.Build.0 = Debug|Any CPU
		{C962959D-2C1E-4015-9488-B341A481C309}.Ad-Hoc|iPhone.ActiveCfg = Debug|Any CPU
		{C962959D-2C1E-4015-9488-B341A481C309}.Ad-Hoc|iPhone.Build.0 = Debug|Any CPU
		{C962959D-2C1E-4015-9488-B341A481C309}.Ad-Hoc|iPhoneSimulator.ActiveCfg = Debug|Any CPU
		{C962959D-2C1E-4015-9488-B341A481C309}.Ad-Hoc|iPhoneSimulator.Build.0 = Debug|Any CPU
		{C962959D-2C1E-4015-9488-B341A481C309}.Ad-Hoc|x64.ActiveCfg = Debug|Any CPU
		{C962959D-2C1E-4015-9488-B341A481C309}.Ad-Hoc|x64.Build.0 = Debug|Any CPU
		{C962959D-2C1E-4015-9488-B341A481C309}.Ad-Hoc|x86.ActiveCfg = Debug|Any CPU
		{C962959D-2C1E-4015-9488-B341A481C309}.Ad-Hoc|x86.Build.0 = Debug|Any CPU
		{C962959D-2C1E-4015-9488-B341A481C309}.AppStore|Any CPU.ActiveCfg = Debug|Any CPU
		{C962959D-2C1E-4015-9488-B341A481C309}.AppStore|Any CPU.Build.0 = Debug|Any CPU
		{C962959D-2C1E-4015-9488-B341A481C309}.AppStore|ARM.ActiveCfg = Debug|Any CPU
		{C962959D-2C1E-4015-9488-B341A481C309}.AppStore|ARM.Build.0 = Debug|Any CPU
		{C962959D-2C1E-4015-9488-B341A481C309}.AppStore|iPhone.ActiveCfg = Debug|Any CPU
		{C962959D-2C1E-4015-9488-B341A481C309}.AppStore|iPhone.Build.0 = Debug|Any CPU
		{C962959D-2C1E-4015-9488-B341A481C309}.AppStore|iPhoneSimulator.ActiveCfg = Debug|Any CPU
		{C962959D-2C1E-4015-9488-B341A481C309}.AppStore|iPhoneSimulator.Build.0 = Debug|Any CPU
		{C962959D-2C1E-4015-9488-B341A481C309}.AppStore|x64.ActiveCfg = Debug|Any CPU
		{C962959D-2C1E-4015-9488-B341A481C309}.AppStore|x64.Build.0 = Debug|Any CPU
		{C962959D-2C1E-4015-9488-B341A481C309}.AppStore|x86.ActiveCfg = Debug|Any CPU
		{C962959D-2C1E-4015-9488-B341A481C309}.AppStore|x86.Build.0 = Debug|Any CPU
		{C962959D-2C1E-4015-9488-B341A481C309}.Debug|Any CPU.ActiveCfg = Debug|Any CPU
		{C962959D-2C1E-4015-9488-B341A481C309}.Debug|Any CPU.Build.0 = Debug|Any CPU
		{C962959D-2C1E-4015-9488-B341A481C309}.Debug|ARM.ActiveCfg = Debug|Any CPU
		{C962959D-2C1E-4015-9488-B341A481C309}.Debug|ARM.Build.0 = Debug|Any CPU
		{C962959D-2C1E-4015-9488-B341A481C309}.Debug|iPhone.ActiveCfg = Debug|Any CPU
		{C962959D-2C1E-4015-9488-B341A481C309}.Debug|iPhone.Build.0 = Debug|Any CPU
		{C962959D-2C1E-4015-9488-B341A481C309}.Debug|iPhoneSimulator.ActiveCfg = Debug|Any CPU
		{C962959D-2C1E-4015-9488-B341A481C309}.Debug|iPhoneSimulator.Build.0 = Debug|Any CPU
		{C962959D-2C1E-4015-9488-B341A481C309}.Debug|x64.ActiveCfg = Debug|Any CPU
		{C962959D-2C1E-4015-9488-B341A481C309}.Debug|x64.Build.0 = Debug|Any CPU
		{C962959D-2C1E-4015-9488-B341A481C309}.Debug|x86.ActiveCfg = Debug|Any CPU
		{C962959D-2C1E-4015-9488-B341A481C309}.Debug|x86.Build.0 = Debug|Any CPU
		{C962959D-2C1E-4015-9488-B341A481C309}.Release|Any CPU.ActiveCfg = Release|Any CPU
		{C962959D-2C1E-4015-9488-B341A481C309}.Release|Any CPU.Build.0 = Release|Any CPU
		{C962959D-2C1E-4015-9488-B341A481C309}.Release|ARM.ActiveCfg = Release|Any CPU
		{C962959D-2C1E-4015-9488-B341A481C309}.Release|ARM.Build.0 = Release|Any CPU
		{C962959D-2C1E-4015-9488-B341A481C309}.Release|iPhone.ActiveCfg = Release|Any CPU
		{C962959D-2C1E-4015-9488-B341A481C309}.Release|iPhone.Build.0 = Release|Any CPU
		{C962959D-2C1E-4015-9488-B341A481C309}.Release|iPhoneSimulator.ActiveCfg = Release|Any CPU
		{C962959D-2C1E-4015-9488-B341A481C309}.Release|iPhoneSimulator.Build.0 = Release|Any CPU
		{C962959D-2C1E-4015-9488-B341A481C309}.Release|x64.ActiveCfg = Release|Any CPU
		{C962959D-2C1E-4015-9488-B341A481C309}.Release|x64.Build.0 = Release|Any CPU
		{C962959D-2C1E-4015-9488-B341A481C309}.Release|x86.ActiveCfg = Release|Any CPU
		{C962959D-2C1E-4015-9488-B341A481C309}.Release|x86.Build.0 = Release|Any CPU
		{601108E7-EDA5-401C-B365-91A2D9EBF586}.Ad-Hoc|Any CPU.ActiveCfg = Debug|Any CPU
		{601108E7-EDA5-401C-B365-91A2D9EBF586}.Ad-Hoc|Any CPU.Build.0 = Debug|Any CPU
		{601108E7-EDA5-401C-B365-91A2D9EBF586}.Ad-Hoc|ARM.ActiveCfg = Debug|Any CPU
		{601108E7-EDA5-401C-B365-91A2D9EBF586}.Ad-Hoc|ARM.Build.0 = Debug|Any CPU
		{601108E7-EDA5-401C-B365-91A2D9EBF586}.Ad-Hoc|iPhone.ActiveCfg = Debug|Any CPU
		{601108E7-EDA5-401C-B365-91A2D9EBF586}.Ad-Hoc|iPhone.Build.0 = Debug|Any CPU
		{601108E7-EDA5-401C-B365-91A2D9EBF586}.Ad-Hoc|iPhoneSimulator.ActiveCfg = Debug|Any CPU
		{601108E7-EDA5-401C-B365-91A2D9EBF586}.Ad-Hoc|iPhoneSimulator.Build.0 = Debug|Any CPU
		{601108E7-EDA5-401C-B365-91A2D9EBF586}.Ad-Hoc|x64.ActiveCfg = Debug|Any CPU
		{601108E7-EDA5-401C-B365-91A2D9EBF586}.Ad-Hoc|x64.Build.0 = Debug|Any CPU
		{601108E7-EDA5-401C-B365-91A2D9EBF586}.Ad-Hoc|x86.ActiveCfg = Debug|Any CPU
		{601108E7-EDA5-401C-B365-91A2D9EBF586}.Ad-Hoc|x86.Build.0 = Debug|Any CPU
		{601108E7-EDA5-401C-B365-91A2D9EBF586}.AppStore|Any CPU.ActiveCfg = Debug|Any CPU
		{601108E7-EDA5-401C-B365-91A2D9EBF586}.AppStore|Any CPU.Build.0 = Debug|Any CPU
		{601108E7-EDA5-401C-B365-91A2D9EBF586}.AppStore|ARM.ActiveCfg = Debug|Any CPU
		{601108E7-EDA5-401C-B365-91A2D9EBF586}.AppStore|ARM.Build.0 = Debug|Any CPU
		{601108E7-EDA5-401C-B365-91A2D9EBF586}.AppStore|iPhone.ActiveCfg = Debug|Any CPU
		{601108E7-EDA5-401C-B365-91A2D9EBF586}.AppStore|iPhone.Build.0 = Debug|Any CPU
		{601108E7-EDA5-401C-B365-91A2D9EBF586}.AppStore|iPhoneSimulator.ActiveCfg = Debug|Any CPU
		{601108E7-EDA5-401C-B365-91A2D9EBF586}.AppStore|iPhoneSimulator.Build.0 = Debug|Any CPU
		{601108E7-EDA5-401C-B365-91A2D9EBF586}.AppStore|x64.ActiveCfg = Debug|Any CPU
		{601108E7-EDA5-401C-B365-91A2D9EBF586}.AppStore|x64.Build.0 = Debug|Any CPU
		{601108E7-EDA5-401C-B365-91A2D9EBF586}.AppStore|x86.ActiveCfg = Debug|Any CPU
		{601108E7-EDA5-401C-B365-91A2D9EBF586}.AppStore|x86.Build.0 = Debug|Any CPU
		{601108E7-EDA5-401C-B365-91A2D9EBF586}.Debug|Any CPU.ActiveCfg = Debug|Any CPU
		{601108E7-EDA5-401C-B365-91A2D9EBF586}.Debug|Any CPU.Build.0 = Debug|Any CPU
		{601108E7-EDA5-401C-B365-91A2D9EBF586}.Debug|ARM.ActiveCfg = Debug|Any CPU
		{601108E7-EDA5-401C-B365-91A2D9EBF586}.Debug|ARM.Build.0 = Debug|Any CPU
		{601108E7-EDA5-401C-B365-91A2D9EBF586}.Debug|iPhone.ActiveCfg = Debug|Any CPU
		{601108E7-EDA5-401C-B365-91A2D9EBF586}.Debug|iPhone.Build.0 = Debug|Any CPU
		{601108E7-EDA5-401C-B365-91A2D9EBF586}.Debug|iPhoneSimulator.ActiveCfg = Debug|Any CPU
		{601108E7-EDA5-401C-B365-91A2D9EBF586}.Debug|iPhoneSimulator.Build.0 = Debug|Any CPU
		{601108E7-EDA5-401C-B365-91A2D9EBF586}.Debug|x64.ActiveCfg = Debug|Any CPU
		{601108E7-EDA5-401C-B365-91A2D9EBF586}.Debug|x64.Build.0 = Debug|Any CPU
		{601108E7-EDA5-401C-B365-91A2D9EBF586}.Debug|x86.ActiveCfg = Debug|Any CPU
		{601108E7-EDA5-401C-B365-91A2D9EBF586}.Debug|x86.Build.0 = Debug|Any CPU
		{601108E7-EDA5-401C-B365-91A2D9EBF586}.Release|Any CPU.ActiveCfg = Release|Any CPU
		{601108E7-EDA5-401C-B365-91A2D9EBF586}.Release|Any CPU.Build.0 = Release|Any CPU
		{601108E7-EDA5-401C-B365-91A2D9EBF586}.Release|ARM.ActiveCfg = Release|Any CPU
		{601108E7-EDA5-401C-B365-91A2D9EBF586}.Release|ARM.Build.0 = Release|Any CPU
		{601108E7-EDA5-401C-B365-91A2D9EBF586}.Release|iPhone.ActiveCfg = Release|Any CPU
		{601108E7-EDA5-401C-B365-91A2D9EBF586}.Release|iPhone.Build.0 = Release|Any CPU
		{601108E7-EDA5-401C-B365-91A2D9EBF586}.Release|iPhoneSimulator.ActiveCfg = Release|Any CPU
		{601108E7-EDA5-401C-B365-91A2D9EBF586}.Release|iPhoneSimulator.Build.0 = Release|Any CPU
		{601108E7-EDA5-401C-B365-91A2D9EBF586}.Release|x64.ActiveCfg = Release|Any CPU
		{601108E7-EDA5-401C-B365-91A2D9EBF586}.Release|x64.Build.0 = Release|Any CPU
		{601108E7-EDA5-401C-B365-91A2D9EBF586}.Release|x86.ActiveCfg = Release|Any CPU
		{601108E7-EDA5-401C-B365-91A2D9EBF586}.Release|x86.Build.0 = Release|Any CPU
		{19265C69-7B71-4ACB-AA3D-0DA151D76FAA}.Ad-Hoc|Any CPU.ActiveCfg = Debug|Any CPU
		{19265C69-7B71-4ACB-AA3D-0DA151D76FAA}.Ad-Hoc|Any CPU.Build.0 = Debug|Any CPU
		{19265C69-7B71-4ACB-AA3D-0DA151D76FAA}.Ad-Hoc|ARM.ActiveCfg = Debug|Any CPU
		{19265C69-7B71-4ACB-AA3D-0DA151D76FAA}.Ad-Hoc|ARM.Build.0 = Debug|Any CPU
		{19265C69-7B71-4ACB-AA3D-0DA151D76FAA}.Ad-Hoc|iPhone.ActiveCfg = Debug|Any CPU
		{19265C69-7B71-4ACB-AA3D-0DA151D76FAA}.Ad-Hoc|iPhone.Build.0 = Debug|Any CPU
		{19265C69-7B71-4ACB-AA3D-0DA151D76FAA}.Ad-Hoc|iPhoneSimulator.ActiveCfg = Debug|Any CPU
		{19265C69-7B71-4ACB-AA3D-0DA151D76FAA}.Ad-Hoc|iPhoneSimulator.Build.0 = Debug|Any CPU
		{19265C69-7B71-4ACB-AA3D-0DA151D76FAA}.Ad-Hoc|x64.ActiveCfg = Debug|Any CPU
		{19265C69-7B71-4ACB-AA3D-0DA151D76FAA}.Ad-Hoc|x64.Build.0 = Debug|Any CPU
		{19265C69-7B71-4ACB-AA3D-0DA151D76FAA}.Ad-Hoc|x86.ActiveCfg = Debug|Any CPU
		{19265C69-7B71-4ACB-AA3D-0DA151D76FAA}.Ad-Hoc|x86.Build.0 = Debug|Any CPU
		{19265C69-7B71-4ACB-AA3D-0DA151D76FAA}.AppStore|Any CPU.ActiveCfg = Debug|Any CPU
		{19265C69-7B71-4ACB-AA3D-0DA151D76FAA}.AppStore|Any CPU.Build.0 = Debug|Any CPU
		{19265C69-7B71-4ACB-AA3D-0DA151D76FAA}.AppStore|ARM.ActiveCfg = Debug|Any CPU
		{19265C69-7B71-4ACB-AA3D-0DA151D76FAA}.AppStore|ARM.Build.0 = Debug|Any CPU
		{19265C69-7B71-4ACB-AA3D-0DA151D76FAA}.AppStore|iPhone.ActiveCfg = Debug|Any CPU
		{19265C69-7B71-4ACB-AA3D-0DA151D76FAA}.AppStore|iPhone.Build.0 = Debug|Any CPU
		{19265C69-7B71-4ACB-AA3D-0DA151D76FAA}.AppStore|iPhoneSimulator.ActiveCfg = Debug|Any CPU
		{19265C69-7B71-4ACB-AA3D-0DA151D76FAA}.AppStore|iPhoneSimulator.Build.0 = Debug|Any CPU
		{19265C69-7B71-4ACB-AA3D-0DA151D76FAA}.AppStore|x64.ActiveCfg = Debug|Any CPU
		{19265C69-7B71-4ACB-AA3D-0DA151D76FAA}.AppStore|x64.Build.0 = Debug|Any CPU
		{19265C69-7B71-4ACB-AA3D-0DA151D76FAA}.AppStore|x86.ActiveCfg = Debug|Any CPU
		{19265C69-7B71-4ACB-AA3D-0DA151D76FAA}.AppStore|x86.Build.0 = Debug|Any CPU
		{19265C69-7B71-4ACB-AA3D-0DA151D76FAA}.Debug|Any CPU.ActiveCfg = Debug|Any CPU
		{19265C69-7B71-4ACB-AA3D-0DA151D76FAA}.Debug|Any CPU.Build.0 = Debug|Any CPU
		{19265C69-7B71-4ACB-AA3D-0DA151D76FAA}.Debug|ARM.ActiveCfg = Debug|Any CPU
		{19265C69-7B71-4ACB-AA3D-0DA151D76FAA}.Debug|ARM.Build.0 = Debug|Any CPU
		{19265C69-7B71-4ACB-AA3D-0DA151D76FAA}.Debug|iPhone.ActiveCfg = Debug|Any CPU
		{19265C69-7B71-4ACB-AA3D-0DA151D76FAA}.Debug|iPhone.Build.0 = Debug|Any CPU
		{19265C69-7B71-4ACB-AA3D-0DA151D76FAA}.Debug|iPhoneSimulator.ActiveCfg = Debug|Any CPU
		{19265C69-7B71-4ACB-AA3D-0DA151D76FAA}.Debug|iPhoneSimulator.Build.0 = Debug|Any CPU
		{19265C69-7B71-4ACB-AA3D-0DA151D76FAA}.Debug|x64.ActiveCfg = Debug|Any CPU
		{19265C69-7B71-4ACB-AA3D-0DA151D76FAA}.Debug|x64.Build.0 = Debug|Any CPU
		{19265C69-7B71-4ACB-AA3D-0DA151D76FAA}.Debug|x86.ActiveCfg = Debug|Any CPU
		{19265C69-7B71-4ACB-AA3D-0DA151D76FAA}.Debug|x86.Build.0 = Debug|Any CPU
		{19265C69-7B71-4ACB-AA3D-0DA151D76FAA}.Release|Any CPU.ActiveCfg = Release|Any CPU
		{19265C69-7B71-4ACB-AA3D-0DA151D76FAA}.Release|Any CPU.Build.0 = Release|Any CPU
		{19265C69-7B71-4ACB-AA3D-0DA151D76FAA}.Release|ARM.ActiveCfg = Release|Any CPU
		{19265C69-7B71-4ACB-AA3D-0DA151D76FAA}.Release|ARM.Build.0 = Release|Any CPU
		{19265C69-7B71-4ACB-AA3D-0DA151D76FAA}.Release|iPhone.ActiveCfg = Release|Any CPU
		{19265C69-7B71-4ACB-AA3D-0DA151D76FAA}.Release|iPhone.Build.0 = Release|Any CPU
		{19265C69-7B71-4ACB-AA3D-0DA151D76FAA}.Release|iPhoneSimulator.ActiveCfg = Release|Any CPU
		{19265C69-7B71-4ACB-AA3D-0DA151D76FAA}.Release|iPhoneSimulator.Build.0 = Release|Any CPU
		{19265C69-7B71-4ACB-AA3D-0DA151D76FAA}.Release|x64.ActiveCfg = Release|Any CPU
		{19265C69-7B71-4ACB-AA3D-0DA151D76FAA}.Release|x64.Build.0 = Release|Any CPU
		{19265C69-7B71-4ACB-AA3D-0DA151D76FAA}.Release|x86.ActiveCfg = Release|Any CPU
		{19265C69-7B71-4ACB-AA3D-0DA151D76FAA}.Release|x86.Build.0 = Release|Any CPU
	EndGlobalSection
	GlobalSection(SolutionProperties) = preSolution
		HideSolutionNode = FALSE
	EndGlobalSection
	GlobalSection(ExtensibilityGlobals) = postSolution
		SolutionGuid = {B2C24220-F9B0-4430-8C9B-923CC4107296}
	EndGlobalSection
EndGlobal
