
Microsoft Visual Studio Solution File, Format Version 12.00
# Visual Studio Version 16
VisualStudioVersion = 16.0.29326.143
MinimumVisualStudioVersion = 10.0.40219.1
Project("{FAE04EC0-301F-11D3-BF4B-00C04F79EFBC}") = "RaccoonCompany_UI", "RaccoonCompany_UI\RaccoonCompany_UI.csproj", "{058BB74A-DBCA-459B-900D-2CC2E1E589A8}"
EndProject
Global
	GlobalSection(SolutionConfigurationPlatforms) = preSolution
		Debug|Any CPU = Debug|Any CPU
		Release|Any CPU = Release|Any CPU
	EndGlobalSection
	GlobalSection(ProjectConfigurationPlatforms) = postSolution
		{058BB74A-DBCA-459B-900D-2CC2E1E589A8}.Debug|Any CPU.ActiveCfg = Debug|Any CPU
		{058BB74A-DBCA-459B-900D-2CC2E1E589A8}.Debug|Any CPU.Build.0 = Debug|Any CPU
		{058BB74A-DBCA-459B-900D-2CC2E1E589A8}.Release|Any CPU.ActiveCfg = Release|Any CPU
		{058BB74A-DBCA-459B-900D-2CC2E1E589A8}.Release|Any CPU.Build.0 = Release|Any CPU
	EndGlobalSection
	GlobalSection(SolutionProperties) = preSolution
		HideSolutionNode = FALSE
	EndGlobalSection
	GlobalSection(ExtensibilityGlobals) = postSolution
		SolutionGuid = {99388523-28EF-41FF-9847-B71D03B1595E}
	EndGlobalSection
EndGlobal
