
Microsoft Visual Studio Solution File, Format Version 12.00
# Visual Studio Version 16
VisualStudioVersion = 16.0.29709.97
MinimumVisualStudioVersion = 10.0.40219.1
Project("{FAE04EC0-301F-11D3-BF4B-00C04F79EFBC}") = "Repaso_Api03_UI", "Repaso_Api03_UI\Repaso_Api03_UI.csproj", "{FF1D70E8-B431-4E71-AE00-9ED07539F7CA}"
EndProject
Project("{FAE04EC0-301F-11D3-BF4B-00C04F79EFBC}") = "Repaso_Api03_DAL", "Repaso_Api03_DAL\Repaso_Api03_DAL.csproj", "{BBEF7CBE-EA6B-4658-AFA0-5F964E9DB2DC}"
EndProject
Project("{FAE04EC0-301F-11D3-BF4B-00C04F79EFBC}") = "Repaso_Api03_BL", "Repaso_Api03_BL\Repaso_Api03_BL.csproj", "{F6B4F66B-C69D-478C-A2AE-B91677B3F53E}"
EndProject
Project("{FAE04EC0-301F-11D3-BF4B-00C04F79EFBC}") = "Repaso_Api03_Entities", "Repaso_Api03_Entities\Repaso_Api03_Entities.csproj", "{6AECB92A-F1EF-47F5-926E-160EA775E5E5}"
EndProject
Global
	GlobalSection(SolutionConfigurationPlatforms) = preSolution
		Debug|Any CPU = Debug|Any CPU
		Release|Any CPU = Release|Any CPU
	EndGlobalSection
	GlobalSection(ProjectConfigurationPlatforms) = postSolution
		{FF1D70E8-B431-4E71-AE00-9ED07539F7CA}.Debug|Any CPU.ActiveCfg = Debug|Any CPU
		{FF1D70E8-B431-4E71-AE00-9ED07539F7CA}.Debug|Any CPU.Build.0 = Debug|Any CPU
		{FF1D70E8-B431-4E71-AE00-9ED07539F7CA}.Release|Any CPU.ActiveCfg = Release|Any CPU
		{FF1D70E8-B431-4E71-AE00-9ED07539F7CA}.Release|Any CPU.Build.0 = Release|Any CPU
		{BBEF7CBE-EA6B-4658-AFA0-5F964E9DB2DC}.Debug|Any CPU.ActiveCfg = Debug|Any CPU
		{BBEF7CBE-EA6B-4658-AFA0-5F964E9DB2DC}.Debug|Any CPU.Build.0 = Debug|Any CPU
		{BBEF7CBE-EA6B-4658-AFA0-5F964E9DB2DC}.Release|Any CPU.ActiveCfg = Release|Any CPU
		{BBEF7CBE-EA6B-4658-AFA0-5F964E9DB2DC}.Release|Any CPU.Build.0 = Release|Any CPU
		{F6B4F66B-C69D-478C-A2AE-B91677B3F53E}.Debug|Any CPU.ActiveCfg = Debug|Any CPU
		{F6B4F66B-C69D-478C-A2AE-B91677B3F53E}.Debug|Any CPU.Build.0 = Debug|Any CPU
		{F6B4F66B-C69D-478C-A2AE-B91677B3F53E}.Release|Any CPU.ActiveCfg = Release|Any CPU
		{F6B4F66B-C69D-478C-A2AE-B91677B3F53E}.Release|Any CPU.Build.0 = Release|Any CPU
		{6AECB92A-F1EF-47F5-926E-160EA775E5E5}.Debug|Any CPU.ActiveCfg = Debug|Any CPU
		{6AECB92A-F1EF-47F5-926E-160EA775E5E5}.Debug|Any CPU.Build.0 = Debug|Any CPU
		{6AECB92A-F1EF-47F5-926E-160EA775E5E5}.Release|Any CPU.ActiveCfg = Release|Any CPU
		{6AECB92A-F1EF-47F5-926E-160EA775E5E5}.Release|Any CPU.Build.0 = Release|Any CPU
	EndGlobalSection
	GlobalSection(SolutionProperties) = preSolution
		HideSolutionNode = FALSE
	EndGlobalSection
	GlobalSection(ExtensibilityGlobals) = postSolution
		SolutionGuid = {0C127CAD-B5AB-46CF-8BE7-561202BE3E26}
	EndGlobalSection
EndGlobal
