
Microsoft Visual Studio Solution File, Format Version 12.00
# Visual Studio Version 16
VisualStudioVersion = 16.0.29709.97
MinimumVisualStudioVersion = 10.0.40219.1
Project("{FAE04EC0-301F-11D3-BF4B-00C04F79EFBC}") = "Repaso_CRUD_JS_UI", "Repaso_CRUD_JS_UI\Repaso_CRUD_JS_UI.csproj", "{10077993-D1D4-4D09-A121-62D91E56524F}"
EndProject
Global
	GlobalSection(SolutionConfigurationPlatforms) = preSolution
		Debug|Any CPU = Debug|Any CPU
		Release|Any CPU = Release|Any CPU
	EndGlobalSection
	GlobalSection(ProjectConfigurationPlatforms) = postSolution
		{10077993-D1D4-4D09-A121-62D91E56524F}.Debug|Any CPU.ActiveCfg = Debug|Any CPU
		{10077993-D1D4-4D09-A121-62D91E56524F}.Debug|Any CPU.Build.0 = Debug|Any CPU
		{10077993-D1D4-4D09-A121-62D91E56524F}.Release|Any CPU.ActiveCfg = Release|Any CPU
		{10077993-D1D4-4D09-A121-62D91E56524F}.Release|Any CPU.Build.0 = Release|Any CPU
	EndGlobalSection
	GlobalSection(SolutionProperties) = preSolution
		HideSolutionNode = FALSE
	EndGlobalSection
	GlobalSection(ExtensibilityGlobals) = postSolution
		SolutionGuid = {72293FC4-7A4D-4E0D-BD56-E2EABD4F35E0}
	EndGlobalSection
EndGlobal
